// !$*UTF8*$!
{
	archiveVersion = 1;
	classes = {
	};
	objectVersion = 56;
	objects = {

/* Begin PBXBuildFile section */
		6104770628DDD13100141042 /* Voice.xcdatamodeld in Sources */ = {isa = PBXBuildFile; fileRef = 6104770428DDD13100141042 /* Voice.xcdatamodeld */; };
		610A144E2A46EB0F00CB88AA /* VoiceDetail.swift in Sources */ = {isa = PBXBuildFile; fileRef = 610A144D2A46EB0F00CB88AA /* VoiceDetail.swift */; };
		611A244A2A83DB9800F68D7D /* InfoPlist.strings in Resources */ = {isa = PBXBuildFile; fileRef = 611A244C2A83DB9800F68D7D /* InfoPlist.strings */; };
		611A24502A83DBEC00F68D7D /* InfoPlist.strings in Resources */ = {isa = PBXBuildFile; fileRef = 611A24522A83DBEC00F68D7D /* InfoPlist.strings */; };
		6124A0222ADAAE2C009444EA /* DependencyValues.swift in Sources */ = {isa = PBXBuildFile; fileRef = 6124A0212ADAAE2C009444EA /* DependencyValues.swift */; };
		613FC7F528DE28AD0014E4B2 /* VoiceMemoRepository.swift in Sources */ = {isa = PBXBuildFile; fileRef = 613FC7F428DE28AD0014E4B2 /* VoiceMemoRepository.swift */; };
		614AB0EA2A5918080033F6CB /* ff16audio.mp3 in Resources */ = {isa = PBXBuildFile; fileRef = 614AB0E92A5918080033F6CB /* ff16audio.mp3 */; };
		614AD4352A3B5207004B5B98 /* Constants.swift in Sources */ = {isa = PBXBuildFile; fileRef = 614AD4342A3B5207004B5B98 /* Constants.swift */; };
		614AD4372A3B522F004B5B98 /* UserDefaultsManager.swift in Sources */ = {isa = PBXBuildFile; fileRef = 614AD4362A3B522F004B5B98 /* UserDefaultsManager.swift */; };
		6167A4762ABC7FA30052945F /* MailComposeViewControllerWrapper.swift in Sources */ = {isa = PBXBuildFile; fileRef = 6167A4752ABC7FA30052945F /* MailComposeViewControllerWrapper.swift */; };
		6168A6422B43ACAB00B20F0F /* IAPManager.swift in Sources */ = {isa = PBXBuildFile; fileRef = 6168A6412B43ACAB00B20F0F /* IAPManager.swift */; };
		6194408828F308C400BF337E /* FirebaseAnalytics in Frameworks */ = {isa = PBXBuildFile; productRef = 6194408728F308C400BF337E /* FirebaseAnalytics */; };
		6194408A28F308C400BF337E /* FirebaseAnalyticsSwift in Frameworks */ = {isa = PBXBuildFile; productRef = 6194408928F308C400BF337E /* FirebaseAnalyticsSwift */; };
		6194408C28F308C400BF337E /* FirebaseCrashlytics in Frameworks */ = {isa = PBXBuildFile; productRef = 6194408B28F308C400BF337E /* FirebaseCrashlytics */; };
		619440C92904014800BF337E /* SettingView.swift in Sources */ = {isa = PBXBuildFile; fileRef = 619440C82904014800BF337E /* SettingView.swift */; };
		619440D32905914800BF337E /* ThemaRepository.swift in Sources */ = {isa = PBXBuildFile; fileRef = 619440D22905914800BF337E /* ThemaRepository.swift */; };
		619440D529059C4000BF337E /* Thema.xcdatamodel in Sources */ = {isa = PBXBuildFile; fileRef = 619440D429059C4000BF337E /* Thema.xcdatamodel */; };
		619799E628C34A2500169FB6 /* VoiceMemoApp.swift in Sources */ = {isa = PBXBuildFile; fileRef = 619799E528C34A2500169FB6 /* VoiceMemoApp.swift */; };
		619799EA28C34A2500169FB6 /* Assets.xcassets in Resources */ = {isa = PBXBuildFile; fileRef = 619799E928C34A2500169FB6 /* Assets.xcassets */; };
		619799EE28C34A2500169FB6 /* Preview Assets.xcassets in Resources */ = {isa = PBXBuildFile; fileRef = 619799ED28C34A2500169FB6 /* Preview Assets.xcassets */; };
		619799F828C34A2600169FB6 /* VoiLogTests.swift in Sources */ = {isa = PBXBuildFile; fileRef = 619799F728C34A2600169FB6 /* VoiLogTests.swift */; };
		61979A0228C34A2600169FB6 /* VoiceMemoUITests.swift in Sources */ = {isa = PBXBuildFile; fileRef = 61979A0128C34A2600169FB6 /* VoiceMemoUITests.swift */; };
		61979A0428C34A2600169FB6 /* VoiceMemoUITestsLaunchTests.swift in Sources */ = {isa = PBXBuildFile; fileRef = 61979A0328C34A2600169FB6 /* VoiceMemoUITestsLaunchTests.swift */; };
		61979A1428C34F5C00169FB6 /* ComposableArchitecture in Frameworks */ = {isa = PBXBuildFile; productRef = 61979A1328C34F5C00169FB6 /* ComposableArchitecture */; };
		61979A1628C3510000169FB6 /* VoiceMemo.swift in Sources */ = {isa = PBXBuildFile; fileRef = 61979A1528C3510000169FB6 /* VoiceMemo.swift */; };
		61979A1A28C44D8F00169FB6 /* AudioRecoder.swift in Sources */ = {isa = PBXBuildFile; fileRef = 61979A1928C44D8F00169FB6 /* AudioRecoder.swift */; };
		61979A1F28C4646200169FB6 /* VoiceList.swift in Sources */ = {isa = PBXBuildFile; fileRef = 61979A1E28C4646200169FB6 /* VoiceList.swift */; };
		61979A2128C466C500169FB6 /* VoiceMemoView.swift in Sources */ = {isa = PBXBuildFile; fileRef = 61979A2028C466C500169FB6 /* VoiceMemoView.swift */; };
		61979A2328C466E800169FB6 /* AudioPlayer.swift in Sources */ = {isa = PBXBuildFile; fileRef = 61979A2228C466E800169FB6 /* AudioPlayer.swift */; };
		619DC8032A91B7F600738929 /* Env.swift in Sources */ = {isa = PBXBuildFile; fileRef = 619DC8022A91B7F600738929 /* Env.swift */; };
		61A285CB2A3608BB00BD7CB5 /* RollbarNotifier in Frameworks */ = {isa = PBXBuildFile; productRef = 61A285CA2A3608BB00BD7CB5 /* RollbarNotifier */; };
		61A3D8D92AB7DFE9002D8364 /* AboutSimpleRecoder.swift in Sources */ = {isa = PBXBuildFile; fileRef = 61A3D8D82AB7DFE9002D8364 /* AboutSimpleRecoder.swift */; };
		61A8818D2A30015500A4189C /* GoogleMobileAds in Frameworks */ = {isa = PBXBuildFile; productRef = 61A8818C2A30015500A4189C /* GoogleMobileAds */; };
		61B70F592A5100A100740093 /* AVAudioPCMBuffer+Extention.swift in Sources */ = {isa = PBXBuildFile; fileRef = 61B70F582A5100A100740093 /* AVAudioPCMBuffer+Extention.swift */; };
		61C2CDB62AFF3923005DC779 /* Localizable.xcstrings in Resources */ = {isa = PBXBuildFile; fileRef = 61C2CDB52AFF3923005DC779 /* Localizable.xcstrings */; };
		61E43AD02A3345300006A9D2 /* GoogleService-Info.plist in Resources */ = {isa = PBXBuildFile; fileRef = 61E43ACF2A3345300006A9D2 /* GoogleService-Info.plist */; };
		61E43AD22A3346FD0006A9D2 /* AdmobBannerView.swift in Sources */ = {isa = PBXBuildFile; fileRef = 61E43AD12A3346FD0006A9D2 /* AdmobBannerView.swift */; };
		61E43AD42A33EFF50006A9D2 /* Logger.swift in Sources */ = {isa = PBXBuildFile; fileRef = 61E43AD32A33EFF50006A9D2 /* Logger.swift */; };
		61EC9B842AAC66080062533A /* Double+Extention.swift in Sources */ = {isa = PBXBuildFile; fileRef = 61EC9B832AAC66080062533A /* Double+Extention.swift */; };
/* End PBXBuildFile section */

/* Begin PBXContainerItemProxy section */
		619799F428C34A2600169FB6 /* PBXContainerItemProxy */ = {
			isa = PBXContainerItemProxy;
			containerPortal = 619799DA28C34A2500169FB6 /* Project object */;
			proxyType = 1;
			remoteGlobalIDString = 619799E128C34A2500169FB6;
			remoteInfo = VoiceMemo;
		};
		619799FE28C34A2600169FB6 /* PBXContainerItemProxy */ = {
			isa = PBXContainerItemProxy;
			containerPortal = 619799DA28C34A2500169FB6 /* Project object */;
			proxyType = 1;
			remoteGlobalIDString = 619799E128C34A2500169FB6;
			remoteInfo = VoiceMemo;
		};
/* End PBXContainerItemProxy section */

/* Begin PBXFileReference section */
		6104770528DDD13100141042 /* Model.xcdatamodel */ = {isa = PBXFileReference; lastKnownFileType = wrapper.xcdatamodel; path = Model.xcdatamodel; sourceTree = "<group>"; };
		610A144D2A46EB0F00CB88AA /* VoiceDetail.swift */ = {isa = PBXFileReference; lastKnownFileType = sourcecode.swift; path = VoiceDetail.swift; sourceTree = "<group>"; };
		6121ECC82ADB844300B94F83 /* zh-Hant */ = {isa = PBXFileReference; lastKnownFileType = text.plist.strings; name = "zh-Hant"; path = "zh-Hant.lproj/InfoPlist.strings"; sourceTree = "<group>"; };
		6124A0212ADAAE2C009444EA /* DependencyValues.swift */ = {isa = PBXFileReference; lastKnownFileType = sourcecode.swift; path = DependencyValues.swift; sourceTree = "<group>"; };
		6124A0232ADAD4E9009444EA /* pt-PT */ = {isa = PBXFileReference; lastKnownFileType = text.plist.strings; name = "pt-PT"; path = "pt-PT.lproj/InfoPlist.strings"; sourceTree = "<group>"; };
		613FC7F428DE28AD0014E4B2 /* VoiceMemoRepository.swift */ = {isa = PBXFileReference; lastKnownFileType = sourcecode.swift; path = VoiceMemoRepository.swift; sourceTree = "<group>"; };
		614AB0E92A5918080033F6CB /* ff16audio.mp3 */ = {isa = PBXFileReference; lastKnownFileType = audio.mp3; path = ff16audio.mp3; sourceTree = "<group>"; };
		614AD4342A3B5207004B5B98 /* Constants.swift */ = {isa = PBXFileReference; lastKnownFileType = sourcecode.swift; path = Constants.swift; sourceTree = "<group>"; };
		614AD4362A3B522F004B5B98 /* UserDefaultsManager.swift */ = {isa = PBXFileReference; lastKnownFileType = sourcecode.swift; path = UserDefaultsManager.swift; sourceTree = "<group>"; };
		6167A4752ABC7FA30052945F /* MailComposeViewControllerWrapper.swift */ = {isa = PBXFileReference; lastKnownFileType = sourcecode.swift; path = MailComposeViewControllerWrapper.swift; sourceTree = "<group>"; };
		6168A6412B43ACAB00B20F0F /* IAPManager.swift */ = {isa = PBXFileReference; lastKnownFileType = sourcecode.swift; path = IAPManager.swift; sourceTree = "<group>"; };
		618C67D62AC9BA250006DA74 /* es */ = {isa = PBXFileReference; lastKnownFileType = text.plist.strings; name = es; path = es.lproj/InfoPlist.strings; sourceTree = "<group>"; };
		618C67D72AC9BA380006DA74 /* en */ = {isa = PBXFileReference; lastKnownFileType = text.plist.strings; name = en; path = en.lproj/InfoPlist.strings; sourceTree = "<group>"; };
		618C67D82AC9BA380006DA74 /* ja */ = {isa = PBXFileReference; lastKnownFileType = text.plist.strings; name = ja; path = ja.lproj/InfoPlist.strings; sourceTree = "<group>"; };
		618EE5B12ACE364C00DD8C3D /* de */ = {isa = PBXFileReference; lastKnownFileType = text.plist.strings; name = de; path = de.lproj/InfoPlist.strings; sourceTree = "<group>"; };
		619440C82904014800BF337E /* SettingView.swift */ = {isa = PBXFileReference; lastKnownFileType = sourcecode.swift; path = SettingView.swift; sourceTree = "<group>"; };
		619440D22905914800BF337E /* ThemaRepository.swift */ = {isa = PBXFileReference; fileEncoding = 4; lastKnownFileType = sourcecode.swift; path = ThemaRepository.swift; sourceTree = "<group>"; };
		619440D429059C4000BF337E /* Thema.xcdatamodel */ = {isa = PBXFileReference; lastKnownFileType = wrapper.xcdatamodel; path = Thema.xcdatamodel; sourceTree = "<group>"; };
		619799E228C34A2500169FB6 /* VoiLog.app */ = {isa = PBXFileReference; explicitFileType = wrapper.application; includeInIndex = 0; path = VoiLog.app; sourceTree = BUILT_PRODUCTS_DIR; };
		619799E528C34A2500169FB6 /* VoiceMemoApp.swift */ = {isa = PBXFileReference; lastKnownFileType = sourcecode.swift; path = VoiceMemoApp.swift; sourceTree = "<group>"; };
		619799E928C34A2500169FB6 /* Assets.xcassets */ = {isa = PBXFileReference; lastKnownFileType = folder.assetcatalog; path = Assets.xcassets; sourceTree = "<group>"; };
		619799EB28C34A2500169FB6 /* VoiceMemo.entitlements */ = {isa = PBXFileReference; lastKnownFileType = text.plist.entitlements; path = VoiceMemo.entitlements; sourceTree = "<group>"; };
		619799ED28C34A2500169FB6 /* Preview Assets.xcassets */ = {isa = PBXFileReference; lastKnownFileType = folder.assetcatalog; path = "Preview Assets.xcassets"; sourceTree = "<group>"; };
		619799F328C34A2600169FB6 /* VoiLogTests.xctest */ = {isa = PBXFileReference; explicitFileType = wrapper.cfbundle; includeInIndex = 0; path = VoiLogTests.xctest; sourceTree = BUILT_PRODUCTS_DIR; };
		619799F728C34A2600169FB6 /* VoiLogTests.swift */ = {isa = PBXFileReference; lastKnownFileType = sourcecode.swift; path = VoiLogTests.swift; sourceTree = "<group>"; };
		619799FD28C34A2600169FB6 /* VoiLogUITests.xctest */ = {isa = PBXFileReference; explicitFileType = wrapper.cfbundle; includeInIndex = 0; path = VoiLogUITests.xctest; sourceTree = BUILT_PRODUCTS_DIR; };
		61979A0128C34A2600169FB6 /* VoiceMemoUITests.swift */ = {isa = PBXFileReference; lastKnownFileType = sourcecode.swift; path = VoiceMemoUITests.swift; sourceTree = "<group>"; };
		61979A0328C34A2600169FB6 /* VoiceMemoUITestsLaunchTests.swift */ = {isa = PBXFileReference; lastKnownFileType = sourcecode.swift; path = VoiceMemoUITestsLaunchTests.swift; sourceTree = "<group>"; };
		61979A1528C3510000169FB6 /* VoiceMemo.swift */ = {isa = PBXFileReference; lastKnownFileType = sourcecode.swift; path = VoiceMemo.swift; sourceTree = "<group>"; };
		61979A1928C44D8F00169FB6 /* AudioRecoder.swift */ = {isa = PBXFileReference; lastKnownFileType = sourcecode.swift; path = AudioRecoder.swift; sourceTree = "<group>"; };
		61979A1E28C4646200169FB6 /* VoiceList.swift */ = {isa = PBXFileReference; lastKnownFileType = sourcecode.swift; path = VoiceList.swift; sourceTree = "<group>"; };
		61979A2028C466C500169FB6 /* VoiceMemoView.swift */ = {isa = PBXFileReference; lastKnownFileType = sourcecode.swift; path = VoiceMemoView.swift; sourceTree = "<group>"; };
		61979A2228C466E800169FB6 /* AudioPlayer.swift */ = {isa = PBXFileReference; lastKnownFileType = sourcecode.swift; path = AudioPlayer.swift; sourceTree = "<group>"; };
		619DC8012A91B77000738929 /* ci_post_clone.sh */ = {isa = PBXFileReference; lastKnownFileType = text.script.sh; path = ci_post_clone.sh; sourceTree = "<group>"; };
		619DC8022A91B7F600738929 /* Env.swift */ = {isa = PBXFileReference; lastKnownFileType = sourcecode.swift; path = Env.swift; sourceTree = "<group>"; };
		61A3D8D82AB7DFE9002D8364 /* AboutSimpleRecoder.swift */ = {isa = PBXFileReference; lastKnownFileType = sourcecode.swift; path = AboutSimpleRecoder.swift; sourceTree = "<group>"; };
		61B70F582A5100A100740093 /* AVAudioPCMBuffer+Extention.swift */ = {isa = PBXFileReference; lastKnownFileType = sourcecode.swift; path = "AVAudioPCMBuffer+Extention.swift"; sourceTree = "<group>"; };
		61C2CDB52AFF3923005DC779 /* Localizable.xcstrings */ = {isa = PBXFileReference; lastKnownFileType = text.json.xcstrings; path = Localizable.xcstrings; sourceTree = "<group>"; };
		61E43ACF2A3345300006A9D2 /* GoogleService-Info.plist */ = {isa = PBXFileReference; fileEncoding = 4; lastKnownFileType = text.plist.xml; path = "GoogleService-Info.plist"; sourceTree = "<group>"; };
		61E43AD12A3346FD0006A9D2 /* AdmobBannerView.swift */ = {isa = PBXFileReference; lastKnownFileType = sourcecode.swift; path = AdmobBannerView.swift; sourceTree = "<group>"; };
		61E43AD32A33EFF50006A9D2 /* Logger.swift */ = {isa = PBXFileReference; lastKnownFileType = sourcecode.swift; path = Logger.swift; sourceTree = "<group>"; };
		61E851622B084AAE008895F9 /* tr */ = {isa = PBXFileReference; lastKnownFileType = text.plist.strings; name = tr; path = tr.lproj/InfoPlist.strings; sourceTree = "<group>"; };
		61E851632B084B60008895F9 /* fr */ = {isa = PBXFileReference; lastKnownFileType = text.plist.strings; name = fr; path = fr.lproj/InfoPlist.strings; sourceTree = "<group>"; };
		61E851642B084BD2008895F9 /* vi */ = {isa = PBXFileReference; lastKnownFileType = text.plist.strings; name = vi; path = vi.lproj/InfoPlist.strings; sourceTree = "<group>"; };
		61E851652B084CC8008895F9 /* ru */ = {isa = PBXFileReference; lastKnownFileType = text.plist.strings; name = ru; path = ru.lproj/InfoPlist.strings; sourceTree = "<group>"; };
		61E851662B084CDB008895F9 /* zh-Hans */ = {isa = PBXFileReference; lastKnownFileType = text.plist.strings; name = "zh-Hans"; path = "zh-Hans.lproj/InfoPlist.strings"; sourceTree = "<group>"; };
		61EC9B832AAC66080062533A /* Double+Extention.swift */ = {isa = PBXFileReference; lastKnownFileType = sourcecode.swift; path = "Double+Extention.swift"; sourceTree = "<group>"; };
/* End PBXFileReference section */

/* Begin PBXFrameworksBuildPhase section */
		619799DF28C34A2500169FB6 /* Frameworks */ = {
			isa = PBXFrameworksBuildPhase;
			buildActionMask = 2147483647;
			files = (
				6194408A28F308C400BF337E /* FirebaseAnalyticsSwift in Frameworks */,
				6194408C28F308C400BF337E /* FirebaseCrashlytics in Frameworks */,
				61A8818D2A30015500A4189C /* GoogleMobileAds in Frameworks */,
				61A285CB2A3608BB00BD7CB5 /* RollbarNotifier in Frameworks */,
				6194408828F308C400BF337E /* FirebaseAnalytics in Frameworks */,
				61979A1428C34F5C00169FB6 /* ComposableArchitecture in Frameworks */,
			);
			runOnlyForDeploymentPostprocessing = 0;
		};
		619799F028C34A2600169FB6 /* Frameworks */ = {
			isa = PBXFrameworksBuildPhase;
			buildActionMask = 2147483647;
			files = (
			);
			runOnlyForDeploymentPostprocessing = 0;
		};
		619799FA28C34A2600169FB6 /* Frameworks */ = {
			isa = PBXFrameworksBuildPhase;
			buildActionMask = 2147483647;
			files = (
			);
			runOnlyForDeploymentPostprocessing = 0;
		};
/* End PBXFrameworksBuildPhase section */

/* Begin PBXGroup section */
		6104770728DDD30600141042 /* data */ = {
			isa = PBXGroup;
			children = (
				6104770428DDD13100141042 /* Voice.xcdatamodeld */,
				619440D429059C4000BF337E /* Thema.xcdatamodel */,
				613FC7F428DE28AD0014E4B2 /* VoiceMemoRepository.swift */,
				619440D22905914800BF337E /* ThemaRepository.swift */,
				614AD4342A3B5207004B5B98 /* Constants.swift */,
				614AD4362A3B522F004B5B98 /* UserDefaultsManager.swift */,
			);
			path = data;
			sourceTree = "<group>";
		};
		610A144C2A46EAF200CB88AA /* Voice */ = {
			isa = PBXGroup;
			children = (
				61979A1528C3510000169FB6 /* VoiceMemo.swift */,
				61979A1E28C4646200169FB6 /* VoiceList.swift */,
				61979A2028C466C500169FB6 /* VoiceMemoView.swift */,
				610A144D2A46EB0F00CB88AA /* VoiceDetail.swift */,
				6124A0212ADAAE2C009444EA /* DependencyValues.swift */,
				6167A4752ABC7FA30052945F /* MailComposeViewControllerWrapper.swift */,
			);
			path = Voice;
			sourceTree = "<group>";
		};
		611A244D2A83DBAC00F68D7D /* Locate */ = {
			isa = PBXGroup;
			children = (
				611A244C2A83DB9800F68D7D /* InfoPlist.strings */,
				611A24522A83DBEC00F68D7D /* InfoPlist.strings */,
				61C2CDB52AFF3923005DC779 /* Localizable.xcstrings */,
			);
			path = Locate;
			sourceTree = "<group>";
		};
		6168A6402B43AC9A00B20F0F /* Store */ = {
			isa = PBXGroup;
			children = (
				6168A6412B43ACAB00B20F0F /* IAPManager.swift */,
			);
			path = Store;
			sourceTree = "<group>";
		};
		619440CA2904049800BF337E /* Setting */ = {
			isa = PBXGroup;
			children = (
				619440C82904014800BF337E /* SettingView.swift */,
				61A3D8D82AB7DFE9002D8364 /* AboutSimpleRecoder.swift */,
			);
			path = Setting;
			sourceTree = "<group>";
		};
		619799D928C34A2500169FB6 = {
			isa = PBXGroup;
			children = (
				619DC8002A91B75000738929 /* ci_scripts */,
				619799E428C34A2500169FB6 /* VoiLog */,
				619799F628C34A2600169FB6 /* VoiLogTests */,
				61979A0028C34A2600169FB6 /* VoiLogUITests */,
				619799E328C34A2500169FB6 /* Products */,
			);
			sourceTree = "<group>";
		};
		619799E328C34A2500169FB6 /* Products */ = {
			isa = PBXGroup;
			children = (
				619799E228C34A2500169FB6 /* VoiLog.app */,
				619799F328C34A2600169FB6 /* VoiLogTests.xctest */,
				619799FD28C34A2600169FB6 /* VoiLogUITests.xctest */,
			);
			name = Products;
			sourceTree = "<group>";
		};
		619799E428C34A2500169FB6 /* VoiLog */ = {
			isa = PBXGroup;
			children = (
				611A244D2A83DBAC00F68D7D /* Locate */,
				61B70F572A51008900740093 /* Extention */,
				6104770728DDD30600141042 /* data */,
				619799E528C34A2500169FB6 /* VoiceMemoApp.swift */,
				614AB0E92A5918080033F6CB /* ff16audio.mp3 */,
				619799E928C34A2500169FB6 /* Assets.xcassets */,
				619799EB28C34A2500169FB6 /* VoiceMemo.entitlements */,
				61E43ACF2A3345300006A9D2 /* GoogleService-Info.plist */,
				61E43AD12A3346FD0006A9D2 /* AdmobBannerView.swift */,
				610A144C2A46EAF200CB88AA /* Voice */,
				6168A6402B43AC9A00B20F0F /* Store */,
				619440CA2904049800BF337E /* Setting */,
				619799EC28C34A2500169FB6 /* Preview Content */,
				61979A1928C44D8F00169FB6 /* AudioRecoder.swift */,
				61E43AD32A33EFF50006A9D2 /* Logger.swift */,
				61979A2228C466E800169FB6 /* AudioPlayer.swift */,
			);
			path = VoiLog;
			sourceTree = "<group>";
		};
		619799EC28C34A2500169FB6 /* Preview Content */ = {
			isa = PBXGroup;
			children = (
				619799ED28C34A2500169FB6 /* Preview Assets.xcassets */,
			);
			path = "Preview Content";
			sourceTree = "<group>";
		};
		619799F628C34A2600169FB6 /* VoiLogTests */ = {
			isa = PBXGroup;
			children = (
				619799F728C34A2600169FB6 /* VoiLogTests.swift */,
			);
			path = VoiLogTests;
			sourceTree = "<group>";
		};
		61979A0028C34A2600169FB6 /* VoiLogUITests */ = {
			isa = PBXGroup;
			children = (
				61979A0128C34A2600169FB6 /* VoiceMemoUITests.swift */,
				61979A0328C34A2600169FB6 /* VoiceMemoUITestsLaunchTests.swift */,
			);
			path = VoiLogUITests;
			sourceTree = "<group>";
		};
		619DC8002A91B75000738929 /* ci_scripts */ = {
			isa = PBXGroup;
			children = (
				619DC8012A91B77000738929 /* ci_post_clone.sh */,
				619DC8022A91B7F600738929 /* Env.swift */,
			);
			path = ci_scripts;
			sourceTree = "<group>";
		};
		61B70F572A51008900740093 /* Extention */ = {
			isa = PBXGroup;
			children = (
				61B70F582A5100A100740093 /* AVAudioPCMBuffer+Extention.swift */,
				61EC9B832AAC66080062533A /* Double+Extention.swift */,
			);
			path = Extention;
			sourceTree = "<group>";
		};
/* End PBXGroup section */

/* Begin PBXNativeTarget section */
		619799E128C34A2500169FB6 /* VoiLog */ = {
			isa = PBXNativeTarget;
			buildConfigurationList = 61979A0728C34A2600169FB6 /* Build configuration list for PBXNativeTarget "VoiLog" */;
			buildPhases = (
				6194408D28F30B4700BF337E /* SwiftLint */,
				619799DE28C34A2500169FB6 /* Sources */,
				619799DF28C34A2500169FB6 /* Frameworks */,
				619799E028C34A2500169FB6 /* Resources */,
			);
			buildRules = (
			);
			dependencies = (
			);
			name = VoiLog;
			packageProductDependencies = (
				61979A1328C34F5C00169FB6 /* ComposableArchitecture */,
				6194408728F308C400BF337E /* FirebaseAnalytics */,
				6194408928F308C400BF337E /* FirebaseAnalyticsSwift */,
				6194408B28F308C400BF337E /* FirebaseCrashlytics */,
				61A8818C2A30015500A4189C /* GoogleMobileAds */,
				61A285CA2A3608BB00BD7CB5 /* RollbarNotifier */,
			);
			productName = VoiceMemo;
			productReference = 619799E228C34A2500169FB6 /* VoiLog.app */;
			productType = "com.apple.product-type.application";
		};
		619799F228C34A2600169FB6 /* VoiLogTests */ = {
			isa = PBXNativeTarget;
			buildConfigurationList = 61979A0A28C34A2600169FB6 /* Build configuration list for PBXNativeTarget "VoiLogTests" */;
			buildPhases = (
				619799EF28C34A2600169FB6 /* Sources */,
				619799F028C34A2600169FB6 /* Frameworks */,
				619799F128C34A2600169FB6 /* Resources */,
			);
			buildRules = (
			);
			dependencies = (
				619799F528C34A2600169FB6 /* PBXTargetDependency */,
			);
			name = VoiLogTests;
			productName = VoiceMemoTests;
			productReference = 619799F328C34A2600169FB6 /* VoiLogTests.xctest */;
			productType = "com.apple.product-type.bundle.unit-test";
		};
		619799FC28C34A2600169FB6 /* VoiLogUITests */ = {
			isa = PBXNativeTarget;
			buildConfigurationList = 61979A0D28C34A2600169FB6 /* Build configuration list for PBXNativeTarget "VoiLogUITests" */;
			buildPhases = (
				619799F928C34A2600169FB6 /* Sources */,
				619799FA28C34A2600169FB6 /* Frameworks */,
				619799FB28C34A2600169FB6 /* Resources */,
			);
			buildRules = (
			);
			dependencies = (
				619799FF28C34A2600169FB6 /* PBXTargetDependency */,
			);
			name = VoiLogUITests;
			productName = VoiceMemoUITests;
			productReference = 619799FD28C34A2600169FB6 /* VoiLogUITests.xctest */;
			productType = "com.apple.product-type.bundle.ui-testing";
		};
/* End PBXNativeTarget section */

/* Begin PBXProject section */
		619799DA28C34A2500169FB6 /* Project object */ = {
			isa = PBXProject;
			attributes = {
				BuildIndependentTargetsInParallel = 1;
				LastSwiftUpdateCheck = 1400;
				LastUpgradeCheck = 1400;
				TargetAttributes = {
					619799E128C34A2500169FB6 = {
						CreatedOnToolsVersion = 14.0;
					};
					619799F228C34A2600169FB6 = {
						CreatedOnToolsVersion = 14.0;
						TestTargetID = 619799E128C34A2500169FB6;
					};
					619799FC28C34A2600169FB6 = {
						CreatedOnToolsVersion = 14.0;
						TestTargetID = 619799E128C34A2500169FB6;
					};
				};
			};
			buildConfigurationList = 619799DD28C34A2500169FB6 /* Build configuration list for PBXProject "VoiLog" */;
			compatibilityVersion = "Xcode 14.0";
			developmentRegion = en;
			hasScannedForEncodings = 0;
			knownRegions = (
				en,
				Base,
				ja,
				es,
				de,
				"zh-Hant",
				"pt-PT",
				tr,
				fr,
				vi,
				ru,
				"zh-Hans",
			);
			mainGroup = 619799D928C34A2500169FB6;
			packageReferences = (
				61979A1228C34F5C00169FB6 /* XCRemoteSwiftPackageReference "swift-composable-architecture" */,
				6194408628F308C400BF337E /* XCRemoteSwiftPackageReference "firebase-ios-sdk" */,
				61A8818B2A30015500A4189C /* XCRemoteSwiftPackageReference "swift-package-manager-google-mobile-ads" */,
				61A285C92A3608BB00BD7CB5 /* XCRemoteSwiftPackageReference "rollbar-apple" */,
			);
			productRefGroup = 619799E328C34A2500169FB6 /* Products */;
			projectDirPath = "";
			projectRoot = "";
			targets = (
				619799E128C34A2500169FB6 /* VoiLog */,
				619799F228C34A2600169FB6 /* VoiLogTests */,
				619799FC28C34A2600169FB6 /* VoiLogUITests */,
			);
		};
/* End PBXProject section */

/* Begin PBXResourcesBuildPhase section */
		619799E028C34A2500169FB6 /* Resources */ = {
			isa = PBXResourcesBuildPhase;
			buildActionMask = 2147483647;
			files = (
				611A244A2A83DB9800F68D7D /* InfoPlist.strings in Resources */,
				611A24502A83DBEC00F68D7D /* InfoPlist.strings in Resources */,
				619799EE28C34A2500169FB6 /* Preview Assets.xcassets in Resources */,
				619799EA28C34A2500169FB6 /* Assets.xcassets in Resources */,
				61E43AD02A3345300006A9D2 /* GoogleService-Info.plist in Resources */,
				61C2CDB62AFF3923005DC779 /* Localizable.xcstrings in Resources */,
				614AB0EA2A5918080033F6CB /* ff16audio.mp3 in Resources */,
			);
			runOnlyForDeploymentPostprocessing = 0;
		};
		619799F128C34A2600169FB6 /* Resources */ = {
			isa = PBXResourcesBuildPhase;
			buildActionMask = 2147483647;
			files = (
			);
			runOnlyForDeploymentPostprocessing = 0;
		};
		619799FB28C34A2600169FB6 /* Resources */ = {
			isa = PBXResourcesBuildPhase;
			buildActionMask = 2147483647;
			files = (
			);
			runOnlyForDeploymentPostprocessing = 0;
		};
/* End PBXResourcesBuildPhase section */

/* Begin PBXShellScriptBuildPhase section */
		6194408D28F30B4700BF337E /* SwiftLint */ = {
			isa = PBXShellScriptBuildPhase;
			buildActionMask = 2147483647;
			files = (
			);
			inputFileListPaths = (
			);
			inputPaths = (
			);
			name = SwiftLint;
			outputFileListPaths = (
			);
			outputPaths = (
			);
			runOnlyForDeploymentPostprocessing = 0;
			shellPath = /bin/sh;
			shellScript = "# Type a script or drag a script file from your workspace to insert its path.\nif which swiftlint >/dev/null; then\n  swiftlint --fix --format # 自動修正の有効化\n  swiftlint\nelse\n  echo \"SwiftLint does not exist, download from https://github.com/realm/SwiftLint\"\nfi\n";
		};
/* End PBXShellScriptBuildPhase section */

/* Begin PBXSourcesBuildPhase section */
		619799DE28C34A2500169FB6 /* Sources */ = {
			isa = PBXSourcesBuildPhase;
			buildActionMask = 2147483647;
			files = (
				6124A0222ADAAE2C009444EA /* DependencyValues.swift in Sources */,
				61979A1628C3510000169FB6 /* VoiceMemo.swift in Sources */,
				619440D529059C4000BF337E /* Thema.xcdatamodel in Sources */,
				61A3D8D92AB7DFE9002D8364 /* AboutSimpleRecoder.swift in Sources */,
				61E43AD22A3346FD0006A9D2 /* AdmobBannerView.swift in Sources */,
				614AD4372A3B522F004B5B98 /* UserDefaultsManager.swift in Sources */,
				6168A6422B43ACAB00B20F0F /* IAPManager.swift in Sources */,
				61EC9B842AAC66080062533A /* Double+Extention.swift in Sources */,
				61979A1A28C44D8F00169FB6 /* AudioRecoder.swift in Sources */,
				619440C92904014800BF337E /* SettingView.swift in Sources */,
				61979A1F28C4646200169FB6 /* VoiceList.swift in Sources */,
				6104770628DDD13100141042 /* Voice.xcdatamodeld in Sources */,
				614AD4352A3B5207004B5B98 /* Constants.swift in Sources */,
				610A144E2A46EB0F00CB88AA /* VoiceDetail.swift in Sources */,
				619799E628C34A2500169FB6 /* VoiceMemoApp.swift in Sources */,
				613FC7F528DE28AD0014E4B2 /* VoiceMemoRepository.swift in Sources */,
				61B70F592A5100A100740093 /* AVAudioPCMBuffer+Extention.swift in Sources */,
				61979A2128C466C500169FB6 /* VoiceMemoView.swift in Sources */,
				61E43AD42A33EFF50006A9D2 /* Logger.swift in Sources */,
				6167A4762ABC7FA30052945F /* MailComposeViewControllerWrapper.swift in Sources */,
				619DC8032A91B7F600738929 /* Env.swift in Sources */,
				61979A2328C466E800169FB6 /* AudioPlayer.swift in Sources */,
				619440D32905914800BF337E /* ThemaRepository.swift in Sources */,
			);
			runOnlyForDeploymentPostprocessing = 0;
		};
		619799EF28C34A2600169FB6 /* Sources */ = {
			isa = PBXSourcesBuildPhase;
			buildActionMask = 2147483647;
			files = (
				619799F828C34A2600169FB6 /* VoiLogTests.swift in Sources */,
			);
			runOnlyForDeploymentPostprocessing = 0;
		};
		619799F928C34A2600169FB6 /* Sources */ = {
			isa = PBXSourcesBuildPhase;
			buildActionMask = 2147483647;
			files = (
				61979A0228C34A2600169FB6 /* VoiceMemoUITests.swift in Sources */,
				61979A0428C34A2600169FB6 /* VoiceMemoUITestsLaunchTests.swift in Sources */,
			);
			runOnlyForDeploymentPostprocessing = 0;
		};
/* End PBXSourcesBuildPhase section */

/* Begin PBXTargetDependency section */
		619799F528C34A2600169FB6 /* PBXTargetDependency */ = {
			isa = PBXTargetDependency;
			target = 619799E128C34A2500169FB6 /* VoiLog */;
			targetProxy = 619799F428C34A2600169FB6 /* PBXContainerItemProxy */;
		};
		619799FF28C34A2600169FB6 /* PBXTargetDependency */ = {
			isa = PBXTargetDependency;
			target = 619799E128C34A2500169FB6 /* VoiLog */;
			targetProxy = 619799FE28C34A2600169FB6 /* PBXContainerItemProxy */;
		};
/* End PBXTargetDependency section */

/* Begin PBXVariantGroup section */
		611A244C2A83DB9800F68D7D /* InfoPlist.strings */ = {
			isa = PBXVariantGroup;
			children = (
				618C67D72AC9BA380006DA74 /* en */,
				618EE5B12ACE364C00DD8C3D /* de */,
				6121ECC82ADB844300B94F83 /* zh-Hant */,
				6124A0232ADAD4E9009444EA /* pt-PT */,
				61E851622B084AAE008895F9 /* tr */,
				61E851632B084B60008895F9 /* fr */,
				61E851642B084BD2008895F9 /* vi */,
				61E851652B084CC8008895F9 /* ru */,
				61E851662B084CDB008895F9 /* zh-Hans */,
			);
			name = InfoPlist.strings;
			sourceTree = "<group>";
		};
		611A24522A83DBEC00F68D7D /* InfoPlist.strings */ = {
			isa = PBXVariantGroup;
			children = (
				618C67D62AC9BA250006DA74 /* es */,
				618C67D82AC9BA380006DA74 /* ja */,
			);
			name = InfoPlist.strings;
			sourceTree = "<group>";
		};
/* End PBXVariantGroup section */

/* Begin XCBuildConfiguration section */
		61979A0528C34A2600169FB6 /* Debug */ = {
			isa = XCBuildConfiguration;
			buildSettings = {
				ALWAYS_SEARCH_USER_PATHS = NO;
				CLANG_ANALYZER_NONNULL = YES;
				CLANG_ANALYZER_NUMBER_OBJECT_CONVERSION = YES_AGGRESSIVE;
				CLANG_CXX_LANGUAGE_STANDARD = "gnu++20";
				CLANG_ENABLE_MODULES = YES;
				CLANG_ENABLE_OBJC_ARC = YES;
				CLANG_ENABLE_OBJC_WEAK = YES;
				CLANG_WARN_BLOCK_CAPTURE_AUTORELEASING = YES;
				CLANG_WARN_BOOL_CONVERSION = YES;
				CLANG_WARN_COMMA = YES;
				CLANG_WARN_CONSTANT_CONVERSION = YES;
				CLANG_WARN_DEPRECATED_OBJC_IMPLEMENTATIONS = YES;
				CLANG_WARN_DIRECT_OBJC_ISA_USAGE = YES_ERROR;
				CLANG_WARN_DOCUMENTATION_COMMENTS = YES;
				CLANG_WARN_EMPTY_BODY = YES;
				CLANG_WARN_ENUM_CONVERSION = YES;
				CLANG_WARN_INFINITE_RECURSION = YES;
				CLANG_WARN_INT_CONVERSION = YES;
				CLANG_WARN_NON_LITERAL_NULL_CONVERSION = YES;
				CLANG_WARN_OBJC_IMPLICIT_RETAIN_SELF = YES;
				CLANG_WARN_OBJC_LITERAL_CONVERSION = YES;
				CLANG_WARN_OBJC_ROOT_CLASS = YES_ERROR;
				CLANG_WARN_QUOTED_INCLUDE_IN_FRAMEWORK_HEADER = YES;
				CLANG_WARN_RANGE_LOOP_ANALYSIS = YES;
				CLANG_WARN_STRICT_PROTOTYPES = YES;
				CLANG_WARN_SUSPICIOUS_MOVE = YES;
				CLANG_WARN_UNGUARDED_AVAILABILITY = YES_AGGRESSIVE;
				CLANG_WARN_UNREACHABLE_CODE = YES;
				CLANG_WARN__DUPLICATE_METHOD_MATCH = YES;
				COPY_PHASE_STRIP = NO;
				DEBUG_INFORMATION_FORMAT = dwarf;
				ENABLE_STRICT_OBJC_MSGSEND = YES;
				ENABLE_TESTABILITY = YES;
				GCC_C_LANGUAGE_STANDARD = gnu11;
				GCC_DYNAMIC_NO_PIC = NO;
				GCC_NO_COMMON_BLOCKS = YES;
				GCC_OPTIMIZATION_LEVEL = 0;
				GCC_PREPROCESSOR_DEFINITIONS = (
					"DEBUG=1",
					"$(inherited)",
				);
				GCC_WARN_64_TO_32_BIT_CONVERSION = YES;
				GCC_WARN_ABOUT_RETURN_TYPE = YES_ERROR;
				GCC_WARN_UNDECLARED_SELECTOR = YES;
				GCC_WARN_UNINITIALIZED_AUTOS = YES_AGGRESSIVE;
				GCC_WARN_UNUSED_FUNCTION = YES;
				GCC_WARN_UNUSED_VARIABLE = YES;
				MTL_ENABLE_DEBUG_INFO = INCLUDE_SOURCE;
				MTL_FAST_MATH = YES;
				ONLY_ACTIVE_ARCH = YES;
				SWIFT_ACTIVE_COMPILATION_CONDITIONS = DEBUG;
				SWIFT_OPTIMIZATION_LEVEL = "-Onone";
			};
			name = Debug;
		};
		61979A0628C34A2600169FB6 /* Release */ = {
			isa = XCBuildConfiguration;
			buildSettings = {
				ALWAYS_SEARCH_USER_PATHS = NO;
				CLANG_ANALYZER_NONNULL = YES;
				CLANG_ANALYZER_NUMBER_OBJECT_CONVERSION = YES_AGGRESSIVE;
				CLANG_CXX_LANGUAGE_STANDARD = "gnu++20";
				CLANG_ENABLE_MODULES = YES;
				CLANG_ENABLE_OBJC_ARC = YES;
				CLANG_ENABLE_OBJC_WEAK = YES;
				CLANG_WARN_BLOCK_CAPTURE_AUTORELEASING = YES;
				CLANG_WARN_BOOL_CONVERSION = YES;
				CLANG_WARN_COMMA = YES;
				CLANG_WARN_CONSTANT_CONVERSION = YES;
				CLANG_WARN_DEPRECATED_OBJC_IMPLEMENTATIONS = YES;
				CLANG_WARN_DIRECT_OBJC_ISA_USAGE = YES_ERROR;
				CLANG_WARN_DOCUMENTATION_COMMENTS = YES;
				CLANG_WARN_EMPTY_BODY = YES;
				CLANG_WARN_ENUM_CONVERSION = YES;
				CLANG_WARN_INFINITE_RECURSION = YES;
				CLANG_WARN_INT_CONVERSION = YES;
				CLANG_WARN_NON_LITERAL_NULL_CONVERSION = YES;
				CLANG_WARN_OBJC_IMPLICIT_RETAIN_SELF = YES;
				CLANG_WARN_OBJC_LITERAL_CONVERSION = YES;
				CLANG_WARN_OBJC_ROOT_CLASS = YES_ERROR;
				CLANG_WARN_QUOTED_INCLUDE_IN_FRAMEWORK_HEADER = YES;
				CLANG_WARN_RANGE_LOOP_ANALYSIS = YES;
				CLANG_WARN_STRICT_PROTOTYPES = YES;
				CLANG_WARN_SUSPICIOUS_MOVE = YES;
				CLANG_WARN_UNGUARDED_AVAILABILITY = YES_AGGRESSIVE;
				CLANG_WARN_UNREACHABLE_CODE = YES;
				CLANG_WARN__DUPLICATE_METHOD_MATCH = YES;
				COPY_PHASE_STRIP = NO;
				DEBUG_INFORMATION_FORMAT = "dwarf-with-dsym";
				ENABLE_NS_ASSERTIONS = NO;
				ENABLE_STRICT_OBJC_MSGSEND = YES;
				GCC_C_LANGUAGE_STANDARD = gnu11;
				GCC_NO_COMMON_BLOCKS = YES;
				GCC_WARN_64_TO_32_BIT_CONVERSION = YES;
				GCC_WARN_ABOUT_RETURN_TYPE = YES_ERROR;
				GCC_WARN_UNDECLARED_SELECTOR = YES;
				GCC_WARN_UNINITIALIZED_AUTOS = YES_AGGRESSIVE;
				GCC_WARN_UNUSED_FUNCTION = YES;
				GCC_WARN_UNUSED_VARIABLE = YES;
				MTL_ENABLE_DEBUG_INFO = NO;
				MTL_FAST_MATH = YES;
				SWIFT_COMPILATION_MODE = wholemodule;
				SWIFT_OPTIMIZATION_LEVEL = "-O";
			};
			name = Release;
		};
		61979A0828C34A2600169FB6 /* Debug */ = {
			isa = XCBuildConfiguration;
			buildSettings = {
				ASSETCATALOG_COMPILER_APPICON_NAME = AppIcon;
				ASSETCATALOG_COMPILER_GLOBAL_ACCENT_COLOR_NAME = AccentColor;
				CODE_SIGN_ENTITLEMENTS = VoiLog/VoiceMemo.entitlements;
				CODE_SIGN_IDENTITY = "Apple Development";
				CODE_SIGN_STYLE = Automatic;
				CURRENT_PROJECT_VERSION = 31;
				DEBUG_INFORMATION_FORMAT = "dwarf-with-dsym";
				DEVELOPMENT_ASSET_PATHS = "\"VoiLog/Preview Content\"";
				DEVELOPMENT_TEAM = 4YZQY4C47E;
				ENABLE_HARDENED_RUNTIME = YES;
				ENABLE_PREVIEWS = YES;
				GENERATE_INFOPLIST_FILE = YES;
				INFOPLIST_FILE = VoiLog/Info.plist;
				INFOPLIST_KEY_LSApplicationCategoryType = "public.app-category.business";
				INFOPLIST_KEY_NSMicrophoneUsageDescription = "あなたの声を音声にして記録します";
				INFOPLIST_KEY_NSPhotoLibraryUsageDescription = "アルバムの写真から振り返ります";
				INFOPLIST_KEY_NSSpeechRecognitionUsageDescription = "あなたの言葉を文字にして記録します。";
				INFOPLIST_KEY_NSUserTrackingUsageDescription = "広告を適切に表示するために利用します。アプリを無料で運営するためのものです。ご協力お願いします。";
				"INFOPLIST_KEY_UIApplicationSceneManifest_Generation[sdk=iphoneos*]" = YES;
				"INFOPLIST_KEY_UIApplicationSceneManifest_Generation[sdk=iphonesimulator*]" = YES;
				"INFOPLIST_KEY_UIApplicationSupportsIndirectInputEvents[sdk=iphoneos*]" = YES;
				"INFOPLIST_KEY_UIApplicationSupportsIndirectInputEvents[sdk=iphonesimulator*]" = YES;
				"INFOPLIST_KEY_UILaunchScreen_Generation[sdk=iphoneos*]" = YES;
				"INFOPLIST_KEY_UILaunchScreen_Generation[sdk=iphonesimulator*]" = YES;
				"INFOPLIST_KEY_UIStatusBarStyle[sdk=iphoneos*]" = UIStatusBarStyleDefault;
				"INFOPLIST_KEY_UIStatusBarStyle[sdk=iphonesimulator*]" = UIStatusBarStyleDefault;
				INFOPLIST_KEY_UISupportedInterfaceOrientations_iPad = "UIInterfaceOrientationPortrait UIInterfaceOrientationPortraitUpsideDown UIInterfaceOrientationLandscapeLeft UIInterfaceOrientationLandscapeRight";
				INFOPLIST_KEY_UISupportedInterfaceOrientations_iPhone = "UIInterfaceOrientationPortrait UIInterfaceOrientationLandscapeLeft UIInterfaceOrientationLandscapeRight";
				IPHONEOS_DEPLOYMENT_TARGET = 16.0;
				LD_RUNPATH_SEARCH_PATHS = "@executable_path/Frameworks";
				"LD_RUNPATH_SEARCH_PATHS[sdk=macosx*]" = "@executable_path/../Frameworks";
				MACOSX_DEPLOYMENT_TARGET = 12.5;
				MARKETING_VERSION = 0.8.0;
				OTHER_LDFLAGS = "-ObjC";
				PRODUCT_BUNDLE_IDENTIFIER = com.entaku.VoiLogDevelop;
				PRODUCT_NAME = "$(TARGET_NAME)";
				PROVISIONING_PROFILE_SPECIFIER = "";
				SDKROOT = auto;
				SUPPORTED_PLATFORMS = "iphoneos iphonesimulator";
				SUPPORTS_MACCATALYST = NO;
				SUPPORTS_MAC_DESIGNED_FOR_IPHONE_IPAD = NO;
				SWIFT_EMIT_LOC_STRINGS = YES;
				SWIFT_VERSION = 5.0;
				TARGETED_DEVICE_FAMILY = 1;
			};
			name = Debug;
		};
		61979A0928C34A2600169FB6 /* Release */ = {
			isa = XCBuildConfiguration;
			buildSettings = {
				ASSETCATALOG_COMPILER_APPICON_NAME = AppIcon;
				ASSETCATALOG_COMPILER_GLOBAL_ACCENT_COLOR_NAME = AccentColor;
				CODE_SIGN_ENTITLEMENTS = VoiLog/VoiceMemo.entitlements;
				CODE_SIGN_IDENTITY = "Apple Development";
				CODE_SIGN_STYLE = Automatic;
				CURRENT_PROJECT_VERSION = 31;
				DEVELOPMENT_ASSET_PATHS = "\"VoiLog/Preview Content\"";
				DEVELOPMENT_TEAM = 4YZQY4C47E;
				ENABLE_HARDENED_RUNTIME = YES;
				ENABLE_PREVIEWS = YES;
				GENERATE_INFOPLIST_FILE = YES;
				INFOPLIST_FILE = VoiLog/Info.plist;
				INFOPLIST_KEY_LSApplicationCategoryType = "public.app-category.business";
				INFOPLIST_KEY_NSMicrophoneUsageDescription = "あなたの声を音声にして記録します";
				INFOPLIST_KEY_NSPhotoLibraryUsageDescription = "アルバムの写真から振り返ります";
				INFOPLIST_KEY_NSSpeechRecognitionUsageDescription = "あなたの言葉を文字にして記録します。";
				INFOPLIST_KEY_NSUserTrackingUsageDescription = "広告を適切に表示するために利用します。アプリを無料で運営するためのものです。ご協力お願いします。";
				"INFOPLIST_KEY_UIApplicationSceneManifest_Generation[sdk=iphoneos*]" = YES;
				"INFOPLIST_KEY_UIApplicationSceneManifest_Generation[sdk=iphonesimulator*]" = YES;
				"INFOPLIST_KEY_UIApplicationSupportsIndirectInputEvents[sdk=iphoneos*]" = YES;
				"INFOPLIST_KEY_UIApplicationSupportsIndirectInputEvents[sdk=iphonesimulator*]" = YES;
				"INFOPLIST_KEY_UILaunchScreen_Generation[sdk=iphoneos*]" = YES;
				"INFOPLIST_KEY_UILaunchScreen_Generation[sdk=iphonesimulator*]" = YES;
				"INFOPLIST_KEY_UIStatusBarStyle[sdk=iphoneos*]" = UIStatusBarStyleDefault;
				"INFOPLIST_KEY_UIStatusBarStyle[sdk=iphonesimulator*]" = UIStatusBarStyleDefault;
				INFOPLIST_KEY_UISupportedInterfaceOrientations_iPad = "UIInterfaceOrientationPortrait UIInterfaceOrientationPortraitUpsideDown UIInterfaceOrientationLandscapeLeft UIInterfaceOrientationLandscapeRight";
				INFOPLIST_KEY_UISupportedInterfaceOrientations_iPhone = "UIInterfaceOrientationPortrait UIInterfaceOrientationLandscapeLeft UIInterfaceOrientationLandscapeRight";
				IPHONEOS_DEPLOYMENT_TARGET = 16.0;
				LD_RUNPATH_SEARCH_PATHS = "@executable_path/Frameworks";
				"LD_RUNPATH_SEARCH_PATHS[sdk=macosx*]" = "@executable_path/../Frameworks";
				MACOSX_DEPLOYMENT_TARGET = 12.5;
				MARKETING_VERSION = 0.8.0;
				OTHER_LDFLAGS = "-ObjC";
				PRODUCT_BUNDLE_IDENTIFIER = com.entaku.VoiLog;
				PRODUCT_NAME = "$(TARGET_NAME)";
				PROVISIONING_PROFILE_SPECIFIER = "";
				SDKROOT = auto;
				SUPPORTED_PLATFORMS = "iphoneos iphonesimulator";
				SUPPORTS_MACCATALYST = NO;
				SUPPORTS_MAC_DESIGNED_FOR_IPHONE_IPAD = NO;
				SWIFT_EMIT_LOC_STRINGS = YES;
				SWIFT_VERSION = 5.0;
				TARGETED_DEVICE_FAMILY = 1;
			};
			name = Release;
		};
		61979A0B28C34A2600169FB6 /* Debug */ = {
			isa = XCBuildConfiguration;
			buildSettings = {
				ALWAYS_EMBED_SWIFT_STANDARD_LIBRARIES = YES;
				BUNDLE_LOADER = "$(TEST_HOST)";
				CODE_SIGN_STYLE = Automatic;
				CURRENT_PROJECT_VERSION = 1;
				DEVELOPMENT_TEAM = 4YZQY4C47E;
				GENERATE_INFOPLIST_FILE = YES;
				IPHONEOS_DEPLOYMENT_TARGET = 17.0;
				MACOSX_DEPLOYMENT_TARGET = 12.5;
				MARKETING_VERSION = 1.0;
				PRODUCT_BUNDLE_IDENTIFIER = com.entaku.VoiceMemoTests;
				PRODUCT_NAME = "$(TARGET_NAME)";
				SDKROOT = auto;
				SUPPORTED_PLATFORMS = "iphoneos iphonesimulator macosx";
				SWIFT_EMIT_LOC_STRINGS = NO;
				SWIFT_VERSION = 5.0;
				TARGETED_DEVICE_FAMILY = "1,2";
				TEST_HOST = "$(BUILT_PRODUCTS_DIR)/VoiLog.app/$(BUNDLE_EXECUTABLE_FOLDER_PATH)/VoiLog";
			};
			name = Debug;
		};
		61979A0C28C34A2600169FB6 /* Release */ = {
			isa = XCBuildConfiguration;
			buildSettings = {
				ALWAYS_EMBED_SWIFT_STANDARD_LIBRARIES = YES;
				BUNDLE_LOADER = "$(TEST_HOST)";
				CODE_SIGN_STYLE = Automatic;
				CURRENT_PROJECT_VERSION = 1;
				DEVELOPMENT_TEAM = 4YZQY4C47E;
				GENERATE_INFOPLIST_FILE = YES;
				IPHONEOS_DEPLOYMENT_TARGET = 17.0;
				MACOSX_DEPLOYMENT_TARGET = 12.5;
				MARKETING_VERSION = 1.0;
				PRODUCT_BUNDLE_IDENTIFIER = com.entaku.VoiceMemoTests;
				PRODUCT_NAME = "$(TARGET_NAME)";
				SDKROOT = auto;
				SUPPORTED_PLATFORMS = "iphoneos iphonesimulator macosx";
				SWIFT_EMIT_LOC_STRINGS = NO;
				SWIFT_VERSION = 5.0;
				TARGETED_DEVICE_FAMILY = "1,2";
				TEST_HOST = "$(BUILT_PRODUCTS_DIR)/VoiLog.app/$(BUNDLE_EXECUTABLE_FOLDER_PATH)/VoiLog";
			};
			name = Release;
		};
		61979A0E28C34A2600169FB6 /* Debug */ = {
			isa = XCBuildConfiguration;
			buildSettings = {
				ALWAYS_EMBED_SWIFT_STANDARD_LIBRARIES = YES;
				CODE_SIGN_STYLE = Automatic;
				CURRENT_PROJECT_VERSION = 1;
				DEVELOPMENT_TEAM = 4YZQY4C47E;
				GENERATE_INFOPLIST_FILE = YES;
				IPHONEOS_DEPLOYMENT_TARGET = 16.0;
				MACOSX_DEPLOYMENT_TARGET = 12.5;
				MARKETING_VERSION = 1.0;
				PRODUCT_BUNDLE_IDENTIFIER = com.entaku.VoiceMemoUITests;
				PRODUCT_NAME = "$(TARGET_NAME)";
				SDKROOT = auto;
				SUPPORTED_PLATFORMS = "iphoneos iphonesimulator macosx";
				SWIFT_EMIT_LOC_STRINGS = NO;
				SWIFT_VERSION = 5.0;
				TARGETED_DEVICE_FAMILY = "1,2";
				TEST_TARGET_NAME = VoiceMemo;
			};
			name = Debug;
		};
		61979A0F28C34A2600169FB6 /* Release */ = {
			isa = XCBuildConfiguration;
			buildSettings = {
				ALWAYS_EMBED_SWIFT_STANDARD_LIBRARIES = YES;
				CODE_SIGN_STYLE = Automatic;
				CURRENT_PROJECT_VERSION = 1;
				DEVELOPMENT_TEAM = 4YZQY4C47E;
				GENERATE_INFOPLIST_FILE = YES;
				IPHONEOS_DEPLOYMENT_TARGET = 16.0;
				MACOSX_DEPLOYMENT_TARGET = 12.5;
				MARKETING_VERSION = 1.0;
				PRODUCT_BUNDLE_IDENTIFIER = com.entaku.VoiceMemoUITests;
				PRODUCT_NAME = "$(TARGET_NAME)";
				SDKROOT = auto;
				SUPPORTED_PLATFORMS = "iphoneos iphonesimulator macosx";
				SWIFT_EMIT_LOC_STRINGS = NO;
				SWIFT_VERSION = 5.0;
				TARGETED_DEVICE_FAMILY = "1,2";
				TEST_TARGET_NAME = VoiceMemo;
			};
			name = Release;
		};
/* End XCBuildConfiguration section */

/* Begin XCConfigurationList section */
		619799DD28C34A2500169FB6 /* Build configuration list for PBXProject "VoiLog" */ = {
			isa = XCConfigurationList;
			buildConfigurations = (
				61979A0528C34A2600169FB6 /* Debug */,
				61979A0628C34A2600169FB6 /* Release */,
			);
			defaultConfigurationIsVisible = 0;
			defaultConfigurationName = Release;
		};
		61979A0728C34A2600169FB6 /* Build configuration list for PBXNativeTarget "VoiLog" */ = {
			isa = XCConfigurationList;
			buildConfigurations = (
				61979A0828C34A2600169FB6 /* Debug */,
				61979A0928C34A2600169FB6 /* Release */,
			);
			defaultConfigurationIsVisible = 0;
			defaultConfigurationName = Release;
		};
		61979A0A28C34A2600169FB6 /* Build configuration list for PBXNativeTarget "VoiLogTests" */ = {
			isa = XCConfigurationList;
			buildConfigurations = (
				61979A0B28C34A2600169FB6 /* Debug */,
				61979A0C28C34A2600169FB6 /* Release */,
			);
			defaultConfigurationIsVisible = 0;
			defaultConfigurationName = Release;
		};
		61979A0D28C34A2600169FB6 /* Build configuration list for PBXNativeTarget "VoiLogUITests" */ = {
			isa = XCConfigurationList;
			buildConfigurations = (
				61979A0E28C34A2600169FB6 /* Debug */,
				61979A0F28C34A2600169FB6 /* Release */,
			);
			defaultConfigurationIsVisible = 0;
			defaultConfigurationName = Release;
		};
/* End XCConfigurationList section */

/* Begin XCRemoteSwiftPackageReference section */
		6194408628F308C400BF337E /* XCRemoteSwiftPackageReference "firebase-ios-sdk" */ = {
			isa = XCRemoteSwiftPackageReference;
			repositoryURL = "https://github.com/firebase/firebase-ios-sdk";
			requirement = {
				kind = upToNextMajorVersion;
				minimumVersion = 9.0.0;
			};
		};
		61979A1228C34F5C00169FB6 /* XCRemoteSwiftPackageReference "swift-composable-architecture" */ = {
			isa = XCRemoteSwiftPackageReference;
			repositoryURL = "https://github.com/pointfreeco/swift-composable-architecture.git";
			requirement = {
				kind = exactVersion;
				version = 1.4.0;
			};
		};
		61A285C92A3608BB00BD7CB5 /* XCRemoteSwiftPackageReference "rollbar-apple" */ = {
			isa = XCRemoteSwiftPackageReference;
			repositoryURL = "https://github.com/rollbar/rollbar-apple";
			requirement = {
				kind = upToNextMajorVersion;
				minimumVersion = 3.0.0;
			};
		};
		61A8818B2A30015500A4189C /* XCRemoteSwiftPackageReference "swift-package-manager-google-mobile-ads" */ = {
			isa = XCRemoteSwiftPackageReference;
			repositoryURL = "https://github.com/googleads/swift-package-manager-google-mobile-ads.git";
			requirement = {
				kind = upToNextMajorVersion;
				minimumVersion = 10.0.0;
			};
		};
/* End XCRemoteSwiftPackageReference section */

/* Begin XCSwiftPackageProductDependency section */
		6194408728F308C400BF337E /* FirebaseAnalytics */ = {
			isa = XCSwiftPackageProductDependency;
			package = 6194408628F308C400BF337E /* XCRemoteSwiftPackageReference "firebase-ios-sdk" */;
			productName = FirebaseAnalytics;
		};
		6194408928F308C400BF337E /* FirebaseAnalyticsSwift */ = {
			isa = XCSwiftPackageProductDependency;
			package = 6194408628F308C400BF337E /* XCRemoteSwiftPackageReference "firebase-ios-sdk" */;
			productName = FirebaseAnalyticsSwift;
		};
		6194408B28F308C400BF337E /* FirebaseCrashlytics */ = {
			isa = XCSwiftPackageProductDependency;
			package = 6194408628F308C400BF337E /* XCRemoteSwiftPackageReference "firebase-ios-sdk" */;
			productName = FirebaseCrashlytics;
		};
		61979A1328C34F5C00169FB6 /* ComposableArchitecture */ = {
			isa = XCSwiftPackageProductDependency;
			package = 61979A1228C34F5C00169FB6 /* XCRemoteSwiftPackageReference "swift-composable-architecture" */;
			productName = ComposableArchitecture;
		};
		61A285CA2A3608BB00BD7CB5 /* RollbarNotifier */ = {
			isa = XCSwiftPackageProductDependency;
			package = 61A285C92A3608BB00BD7CB5 /* XCRemoteSwiftPackageReference "rollbar-apple" */;
			productName = RollbarNotifier;
		};
		61A8818C2A30015500A4189C /* GoogleMobileAds */ = {
			isa = XCSwiftPackageProductDependency;
			package = 61A8818B2A30015500A4189C /* XCRemoteSwiftPackageReference "swift-package-manager-google-mobile-ads" */;
			productName = GoogleMobileAds;
		};
/* End XCSwiftPackageProductDependency section */

/* Begin XCVersionGroup section */
		6104770428DDD13100141042 /* Voice.xcdatamodeld */ = {
			isa = XCVersionGroup;
			children = (
				6104770528DDD13100141042 /* Model.xcdatamodel */,
			);
			currentVersion = 6104770528DDD13100141042 /* Model.xcdatamodel */;
			path = Voice.xcdatamodeld;
			sourceTree = "<group>";
			versionGroupType = wrapper.xcdatamodel;
		};
/* End XCVersionGroup section */
	};
	rootObject = 619799DA28C34A2500169FB6 /* Project object */;
}
