// !$*UTF8*$!
{
	archiveVersion = 1;
	classes = {
	};
	objectVersion = 71;
	objects = {

/* Begin PBXBuildFile section */
		61458CD22C4B939300B7107E /* WidgetKit.framework in Frameworks */ = {isa = PBXBuildFile; fileRef = 61458CD12C4B939300B7107E /* WidgetKit.framework */; };
		61458CD42C4B939300B7107E /* SwiftUI.framework in Frameworks */ = {isa = PBXBuildFile; fileRef = 61458CD32C4B939300B7107E /* SwiftUI.framework */; };
		61458CE12C4B939400B7107E /* recordActivityExtension.appex in Embed Foundation Extensions */ = {isa = PBXBuildFile; fileRef = 61458CCF2C4B939300B7107E /* recordActivityExtension.appex */; settings = {ATTRIBUTES = (RemoveHeadersOnCopy, ); }; };
		6194408828F308C400BF337E /* FirebaseAnalytics in Frameworks */ = {isa = PBXBuildFile; productRef = 6194408728F308C400BF337E /* FirebaseAnalytics */; };
		6194408A28F308C400BF337E /* FirebaseAnalyticsSwift in Frameworks */ = {isa = PBXBuildFile; productRef = 6194408928F308C400BF337E /* FirebaseAnalyticsSwift */; };
		6194408C28F308C400BF337E /* FirebaseCrashlytics in Frameworks */ = {isa = PBXBuildFile; productRef = 6194408B28F308C400BF337E /* FirebaseCrashlytics */; };
		61979A1428C34F5C00169FB6 /* ComposableArchitecture in Frameworks */ = {isa = PBXBuildFile; productRef = 61979A1328C34F5C00169FB6 /* ComposableArchitecture */; };
		61A285CB2A3608BB00BD7CB5 /* RollbarNotifier in Frameworks */ = {isa = PBXBuildFile; productRef = 61A285CA2A3608BB00BD7CB5 /* RollbarNotifier */; };
		61A8818D2A30015500A4189C /* GoogleMobileAds in Frameworks */ = {isa = PBXBuildFile; productRef = 61A8818C2A30015500A4189C /* GoogleMobileAds */; };
		61A91BBE2BC245660033532A /* RevenueCat in Frameworks */ = {isa = PBXBuildFile; productRef = 61A91BBD2BC245660033532A /* RevenueCat */; };
		61A91BC02BC245660033532A /* RevenueCatUI in Frameworks */ = {isa = PBXBuildFile; productRef = 61A91BBF2BC245660033532A /* RevenueCatUI */; };
/* End PBXBuildFile section */

/* Begin PBXContainerItemProxy section */
		61458CDF2C4B939400B7107E /* PBXContainerItemProxy */ = {
			isa = PBXContainerItemProxy;
			containerPortal = 619799DA28C34A2500169FB6 /* Project object */;
			proxyType = 1;
			remoteGlobalIDString = 61458CCE2C4B939300B7107E;
			remoteInfo = recordActivityExtension;
		};
		619799F428C34A2600169FB6 /* PBXContainerItemProxy */ = {
			isa = PBXContainerItemProxy;
			containerPortal = 619799DA28C34A2500169FB6 /* Project object */;
			proxyType = 1;
			remoteGlobalIDString = 619799E128C34A2500169FB6;
			remoteInfo = VoiceMemo;
		};
		619799FE28C34A2600169FB6 /* PBXContainerItemProxy */ = {
			isa = PBXContainerItemProxy;
			containerPortal = 619799DA28C34A2500169FB6 /* Project object */;
			proxyType = 1;
			remoteGlobalIDString = 619799E128C34A2500169FB6;
			remoteInfo = VoiceMemo;
		};
/* End PBXContainerItemProxy section */

/* Begin PBXCopyFilesBuildPhase section */
		61458CE22C4B939400B7107E /* Embed Foundation Extensions */ = {
			isa = PBXCopyFilesBuildPhase;
			buildActionMask = 2147483647;
			dstPath = "";
			dstSubfolderSpec = 13;
			files = (
				61458CE12C4B939400B7107E /* recordActivityExtension.appex in Embed Foundation Extensions */,
			);
			name = "Embed Foundation Extensions";
			runOnlyForDeploymentPostprocessing = 0;
		};
/* End PBXCopyFilesBuildPhase section */

/* Begin PBXFileReference section */
		61458CCF2C4B939300B7107E /* recordActivityExtension.appex */ = {isa = PBXFileReference; explicitFileType = "wrapper.app-extension"; includeInIndex = 0; path = recordActivityExtension.appex; sourceTree = BUILT_PRODUCTS_DIR; };
		61458CD12C4B939300B7107E /* WidgetKit.framework */ = {isa = PBXFileReference; lastKnownFileType = wrapper.framework; name = WidgetKit.framework; path = System/Library/Frameworks/WidgetKit.framework; sourceTree = SDKROOT; };
		61458CD32C4B939300B7107E /* SwiftUI.framework */ = {isa = PBXFileReference; lastKnownFileType = wrapper.framework; name = SwiftUI.framework; path = System/Library/Frameworks/SwiftUI.framework; sourceTree = SDKROOT; };
		619799E228C34A2500169FB6 /* VoiLog.app */ = {isa = PBXFileReference; explicitFileType = wrapper.application; includeInIndex = 0; path = VoiLog.app; sourceTree = BUILT_PRODUCTS_DIR; };
		619799F328C34A2600169FB6 /* VoiLogTests.xctest */ = {isa = PBXFileReference; explicitFileType = wrapper.cfbundle; includeInIndex = 0; path = VoiLogTests.xctest; sourceTree = BUILT_PRODUCTS_DIR; };
		619799FD28C34A2600169FB6 /* VoiLogUITests.xctest */ = {isa = PBXFileReference; explicitFileType = wrapper.cfbundle; includeInIndex = 0; path = VoiLogUITests.xctest; sourceTree = BUILT_PRODUCTS_DIR; };
/* End PBXFileReference section */

/* Begin PBXFileSystemSynchronizedBuildFileExceptionSet section */
		61618F902DF3FBE100801BB0 /* PBXFileSystemSynchronizedBuildFileExceptionSet */ = {
			isa = PBXFileSystemSynchronizedBuildFileExceptionSet;
			membershipExceptions = (
				recordActivityLiveActivity.swift,
			);
			target = 619799E128C34A2500169FB6 /* VoiLog */;
		};
		61618F912DF3FBE100801BB0 /* PBXFileSystemSynchronizedBuildFileExceptionSet */ = {
			isa = PBXFileSystemSynchronizedBuildFileExceptionSet;
			membershipExceptions = (
				Info.plist,
			);
			target = 61458CCE2C4B939300B7107E /* recordActivityExtension */;
		};
		616190402DF3FC3B00801BB0 /* PBXFileSystemSynchronizedBuildFileExceptionSet */ = {
			isa = PBXFileSystemSynchronizedBuildFileExceptionSet;
			membershipExceptions = (
				Info.plist,
				Prod.xcconfig,
			);
			target = 619799E128C34A2500169FB6 /* VoiLog */;
		};
		616190412DF3FC3B00801BB0 /* PBXFileSystemSynchronizedBuildFileExceptionSet */ = {
			isa = PBXFileSystemSynchronizedBuildFileExceptionSet;
			membershipExceptions = (
				data/Voice.xcdatamodeld,
			);
			target = 619799F228C34A2600169FB6 /* VoiLogTests */;
		};
/* End PBXFileSystemSynchronizedBuildFileExceptionSet section */

/* Begin PBXFileSystemSynchronizedRootGroup section */
		61618F782DF3FBD200801BB0 /* VoiLogTests */ = {isa = PBXFileSystemSynchronizedRootGroup; explicitFileTypes = {}; explicitFolders = (); path = VoiLogTests; sourceTree = "<group>"; };
		61618F812DF3FBE000801BB0 /* VoiLogUITests */ = {isa = PBXFileSystemSynchronizedRootGroup; explicitFileTypes = {}; explicitFolders = (); path = VoiLogUITests; sourceTree = "<group>"; };
		61618F892DF3FBE100801BB0 /* recordActivity */ = {isa = PBXFileSystemSynchronizedRootGroup; exceptions = (61618F902DF3FBE100801BB0 /* PBXFileSystemSynchronizedBuildFileExceptionSet */, 61618F912DF3FBE100801BB0 /* PBXFileSystemSynchronizedBuildFileExceptionSet */, ); explicitFileTypes = {}; explicitFolders = (); path = recordActivity; sourceTree = "<group>"; };
		616190052DF3FC3B00801BB0 /* VoiLog */ = {isa = PBXFileSystemSynchronizedRootGroup; exceptions = (616190402DF3FC3B00801BB0 /* PBXFileSystemSynchronizedBuildFileExceptionSet */, 616190412DF3FC3B00801BB0 /* PBXFileSystemSynchronizedBuildFileExceptionSet */, ); explicitFileTypes = {}; explicitFolders = (); path = VoiLog; sourceTree = "<group>"; };
/* End PBXFileSystemSynchronizedRootGroup section */

/* Begin PBXFrameworksBuildPhase section */
		61458CCC2C4B939300B7107E /* Frameworks */ = {
			isa = PBXFrameworksBuildPhase;
			buildActionMask = 2147483647;
			files = (
				61458CD42C4B939300B7107E /* SwiftUI.framework in Frameworks */,
				61458CD22C4B939300B7107E /* WidgetKit.framework in Frameworks */,
			);
			runOnlyForDeploymentPostprocessing = 0;
		};
		619799DF28C34A2500169FB6 /* Frameworks */ = {
			isa = PBXFrameworksBuildPhase;
			buildActionMask = 2147483647;
			files = (
				6194408A28F308C400BF337E /* FirebaseAnalyticsSwift in Frameworks */,
				6194408C28F308C400BF337E /* FirebaseCrashlytics in Frameworks */,
				61A91BBE2BC245660033532A /* RevenueCat in Frameworks */,
				61A8818D2A30015500A4189C /* GoogleMobileAds in Frameworks */,
				61A91BC02BC245660033532A /* RevenueCatUI in Frameworks */,
				61A285CB2A3608BB00BD7CB5 /* RollbarNotifier in Frameworks */,
				6194408828F308C400BF337E /* FirebaseAnalytics in Frameworks */,
				61979A1428C34F5C00169FB6 /* ComposableArchitecture in Frameworks */,
			);
			runOnlyForDeploymentPostprocessing = 0;
		};
		619799F028C34A2600169FB6 /* Frameworks */ = {
			isa = PBXFrameworksBuildPhase;
			buildActionMask = 2147483647;
			files = (
			);
			runOnlyForDeploymentPostprocessing = 0;
		};
		619799FA28C34A2600169FB6 /* Frameworks */ = {
			isa = PBXFrameworksBuildPhase;
			buildActionMask = 2147483647;
			files = (
			);
			runOnlyForDeploymentPostprocessing = 0;
		};
/* End PBXFrameworksBuildPhase section */

/* Begin PBXGroup section */
		61458CD02C4B939300B7107E /* Frameworks */ = {
			isa = PBXGroup;
			children = (
				61458CD12C4B939300B7107E /* WidgetKit.framework */,
				61458CD32C4B939300B7107E /* SwiftUI.framework */,
			);
			name = Frameworks;
			sourceTree = "<group>";
		};
		619799D928C34A2500169FB6 = {
			isa = PBXGroup;
			children = (
				616190052DF3FC3B00801BB0 /* VoiLog */,
				61618F782DF3FBD200801BB0 /* VoiLogTests */,
				61618F812DF3FBE000801BB0 /* VoiLogUITests */,
				61618F892DF3FBE100801BB0 /* recordActivity */,
				61458CD02C4B939300B7107E /* Frameworks */,
				619799E328C34A2500169FB6 /* Products */,
			);
			sourceTree = "<group>";
		};
		619799E328C34A2500169FB6 /* Products */ = {
			isa = PBXGroup;
			children = (
				619799E228C34A2500169FB6 /* VoiLog.app */,
				619799F328C34A2600169FB6 /* VoiLogTests.xctest */,
				619799FD28C34A2600169FB6 /* VoiLogUITests.xctest */,
				61458CCF2C4B939300B7107E /* recordActivityExtension.appex */,
			);
			name = Products;
			sourceTree = "<group>";
		};
/* End PBXGroup section */

/* Begin PBXNativeTarget section */
		61458CCE2C4B939300B7107E /* recordActivityExtension */ = {
			isa = PBXNativeTarget;
			buildConfigurationList = 61458CE52C4B939400B7107E /* Build configuration list for PBXNativeTarget "recordActivityExtension" */;
			buildPhases = (
				61458CCB2C4B939300B7107E /* Sources */,
				61458CCC2C4B939300B7107E /* Frameworks */,
				61458CCD2C4B939300B7107E /* Resources */,
			);
			buildRules = (
			);
			dependencies = (
			);
			fileSystemSynchronizedGroups = (
				61618F892DF3FBE100801BB0 /* recordActivity */,
			);
			name = recordActivityExtension;
			productName = recordActivityExtension;
			productReference = 61458CCF2C4B939300B7107E /* recordActivityExtension.appex */;
			productType = "com.apple.product-type.app-extension";
		};
		619799E128C34A2500169FB6 /* VoiLog */ = {
			isa = PBXNativeTarget;
			buildConfigurationList = 61979A0728C34A2600169FB6 /* Build configuration list for PBXNativeTarget "VoiLog" */;
			buildPhases = (
				6194408D28F30B4700BF337E /* SwiftLint */,
				619799DE28C34A2500169FB6 /* Sources */,
				619799DF28C34A2500169FB6 /* Frameworks */,
				619799E028C34A2500169FB6 /* Resources */,
				61458CE22C4B939400B7107E /* Embed Foundation Extensions */,
				61DSYM0128F30B4700BF337E /* Upload dSYM to Crashlytics */,
			);
			buildRules = (
			);
			dependencies = (
				61458CE02C4B939400B7107E /* PBXTargetDependency */,
			);
			fileSystemSynchronizedGroups = (
				616190052DF3FC3B00801BB0 /* VoiLog */,
			);
			name = VoiLog;
			packageProductDependencies = (
				61979A1328C34F5C00169FB6 /* ComposableArchitecture */,
				6194408728F308C400BF337E /* FirebaseAnalytics */,
				6194408928F308C400BF337E /* FirebaseAnalyticsSwift */,
				6194408B28F308C400BF337E /* FirebaseCrashlytics */,
				61A8818C2A30015500A4189C /* GoogleMobileAds */,
				61A285CA2A3608BB00BD7CB5 /* RollbarNotifier */,
				61A91BBD2BC245660033532A /* RevenueCat */,
				61A91BBF2BC245660033532A /* RevenueCatUI */,
			);
			productName = VoiceMemo;
			productReference = 619799E228C34A2500169FB6 /* VoiLog.app */;
			productType = "com.apple.product-type.application";
		};
		619799F228C34A2600169FB6 /* VoiLogTests */ = {
			isa = PBXNativeTarget;
			buildConfigurationList = 61979A0A28C34A2600169FB6 /* Build configuration list for PBXNativeTarget "VoiLogTests" */;
			buildPhases = (
				619799EF28C34A2600169FB6 /* Sources */,
				619799F028C34A2600169FB6 /* Frameworks */,
				619799F128C34A2600169FB6 /* Resources */,
			);
			buildRules = (
			);
			dependencies = (
				619799F528C34A2600169FB6 /* PBXTargetDependency */,
			);
			fileSystemSynchronizedGroups = (
				61618F782DF3FBD200801BB0 /* VoiLogTests */,
			);
			name = VoiLogTests;
			productName = VoiceMemoTests;
			productReference = 619799F328C34A2600169FB6 /* VoiLogTests.xctest */;
			productType = "com.apple.product-type.bundle.unit-test";
		};
		619799FC28C34A2600169FB6 /* VoiLogUITests */ = {
			isa = PBXNativeTarget;
			buildConfigurationList = 61979A0D28C34A2600169FB6 /* Build configuration list for PBXNativeTarget "VoiLogUITests" */;
			buildPhases = (
				619799F928C34A2600169FB6 /* Sources */,
				619799FA28C34A2600169FB6 /* Frameworks */,
				619799FB28C34A2600169FB6 /* Resources */,
			);
			buildRules = (
			);
			dependencies = (
				619799FF28C34A2600169FB6 /* PBXTargetDependency */,
			);
			fileSystemSynchronizedGroups = (
				61618F812DF3FBE000801BB0 /* VoiLogUITests */,
			);
			name = VoiLogUITests;
			productName = VoiceMemoUITests;
			productReference = 619799FD28C34A2600169FB6 /* VoiLogUITests.xctest */;
			productType = "com.apple.product-type.bundle.ui-testing";
		};
/* End PBXNativeTarget section */

/* Begin PBXProject section */
		619799DA28C34A2500169FB6 /* Project object */ = {
			isa = PBXProject;
			attributes = {
				BuildIndependentTargetsInParallel = 1;
				LastSwiftUpdateCheck = 1540;
				LastUpgradeCheck = 1540;
				TargetAttributes = {
					61458CCE2C4B939300B7107E = {
						CreatedOnToolsVersion = 15.4;
					};
					619799E128C34A2500169FB6 = {
						CreatedOnToolsVersion = 14.0;
					};
					619799F228C34A2600169FB6 = {
						CreatedOnToolsVersion = 14.0;
						TestTargetID = 619799E128C34A2500169FB6;
					};
					619799FC28C34A2600169FB6 = {
						CreatedOnToolsVersion = 14.0;
						TestTargetID = 619799E128C34A2500169FB6;
					};
				};
			};
			buildConfigurationList = 619799DD28C34A2500169FB6 /* Build configuration list for PBXProject "VoiLog" */;
			compatibilityVersion = "Xcode 14.0";
			developmentRegion = en;
			hasScannedForEncodings = 0;
			knownRegions = (
				en,
				Base,
				ja,
				es,
				de,
				"zh-Hant",
				"pt-PT",
				tr,
				fr,
				vi,
				ru,
				"zh-Hans",
				it,
				"en-IN",
			);
			mainGroup = 619799D928C34A2500169FB6;
			packageReferences = (
				61979A1228C34F5C00169FB6 /* XCRemoteSwiftPackageReference "swift-composable-architecture" */,
				6194408628F308C400BF337E /* XCRemoteSwiftPackageReference "firebase-ios-sdk" */,
				61A8818B2A30015500A4189C /* XCRemoteSwiftPackageReference "swift-package-manager-google-mobile-ads" */,
				61A285C92A3608BB00BD7CB5 /* XCRemoteSwiftPackageReference "rollbar-apple" */,
				61A91BBC2BC245660033532A /* XCRemoteSwiftPackageReference "purchases-ios" */,
			);
			productRefGroup = 619799E328C34A2500169FB6 /* Products */;
			projectDirPath = "";
			projectRoot = "";
			targets = (
				619799E128C34A2500169FB6 /* VoiLog */,
				619799F228C34A2600169FB6 /* VoiLogTests */,
				619799FC28C34A2600169FB6 /* VoiLogUITests */,
				61458CCE2C4B939300B7107E /* recordActivityExtension */,
			);
		};
/* End PBXProject section */

/* Begin PBXResourcesBuildPhase section */
		61458CCD2C4B939300B7107E /* Resources */ = {
			isa = PBXResourcesBuildPhase;
			buildActionMask = 2147483647;
			files = (
			);
			runOnlyForDeploymentPostprocessing = 0;
		};
		619799E028C34A2500169FB6 /* Resources */ = {
			isa = PBXResourcesBuildPhase;
			buildActionMask = 2147483647;
			files = (
			);
			runOnlyForDeploymentPostprocessing = 0;
		};
		619799F128C34A2600169FB6 /* Resources */ = {
			isa = PBXResourcesBuildPhase;
			buildActionMask = 2147483647;
			files = (
			);
			runOnlyForDeploymentPostprocessing = 0;
		};
		619799FB28C34A2600169FB6 /* Resources */ = {
			isa = PBXResourcesBuildPhase;
			buildActionMask = 2147483647;
			files = (
			);
			runOnlyForDeploymentPostprocessing = 0;
		};
/* End PBXResourcesBuildPhase section */

/* Begin PBXShellScriptBuildPhase section */
		6194408D28F30B4700BF337E /* SwiftLint */ = {
			isa = PBXShellScriptBuildPhase;
			buildActionMask = 2147483647;
			files = (
			);
			inputFileListPaths = (
			);
			inputPaths = (
			);
			name = SwiftLint;
			outputFileListPaths = (
			);
			outputPaths = (
			);
			runOnlyForDeploymentPostprocessing = 0;
			shellPath = /bin/sh;
			shellScript = "# Type a script or drag a script file from your workspace to insert its path.\nif which swiftlint >/dev/null; then\n  swiftlint --fix \n  swiftlint\nelse\n  echo \"SwiftLint does not exist, download from https://github.com/realm/SwiftLint\"\nfi\n";
		};
		61DSYM0128F30B4700BF337E /* Upload dSYM to Crashlytics */ = {
			isa = PBXShellScriptBuildPhase;
			buildActionMask = 2147483647;
			files = (
			);
			inputFileListPaths = (
			);
			inputPaths = (
				"${DWARF_DSYM_FOLDER_PATH}/${DWARF_DSYM_FILE_NAME}",
				"${DWARF_DSYM_FOLDER_PATH}/${DWARF_DSYM_FILE_NAME}/Contents/Resources/DWARF/${PRODUCT_NAME}",
				"${DWARF_DSYM_FOLDER_PATH}/${DWARF_DSYM_FILE_NAME}/Contents/Info.plist",
				"$(TARGET_BUILD_DIR)/$(INFOPLIST_PATH)",
			);
			name = "Upload dSYM to Crashlytics";
			outputFileListPaths = (
			);
			outputPaths = (
			);
			runOnlyForDeploymentPostprocessing = 0;
			shellPath = /bin/sh;
			shellScript = "# Skip for Debug builds\nif [ \"${CONFIGURATION}\" = \"Debug\" ]; then\n  echo \"Skipping dSYM upload for Debug build\"\n  exit 0\nfi\n\n# Find and run Firebase Crashlytics upload script\nSCRIPT_PATH=\"${BUILD_DIR%/Build/*}/SourcePackages/checkouts/firebase-ios-sdk/Crashlytics/run\"\n\nif [ -f \"$SCRIPT_PATH\" ]; then\n  \"$SCRIPT_PATH\"\nelse\n  echo \"warning: Firebase Crashlytics run script not found at $SCRIPT_PATH\"\nfi\n";
		};
/* End PBXShellScriptBuildPhase section */

/* Begin PBXSourcesBuildPhase section */
		61458CCB2C4B939300B7107E /* Sources */ = {
			isa = PBXSourcesBuildPhase;
			buildActionMask = 2147483647;
			files = (
			);
			runOnlyForDeploymentPostprocessing = 0;
		};
		619799DE28C34A2500169FB6 /* Sources */ = {
			isa = PBXSourcesBuildPhase;
			buildActionMask = 2147483647;
			files = (
			);
			runOnlyForDeploymentPostprocessing = 0;
		};
		619799EF28C34A2600169FB6 /* Sources */ = {
			isa = PBXSourcesBuildPhase;
			buildActionMask = 2147483647;
			files = (
			);
			runOnlyForDeploymentPostprocessing = 0;
		};
		619799F928C34A2600169FB6 /* Sources */ = {
			isa = PBXSourcesBuildPhase;
			buildActionMask = 2147483647;
			files = (
			);
			runOnlyForDeploymentPostprocessing = 0;
		};
/* End PBXSourcesBuildPhase section */

/* Begin PBXTargetDependency section */
		61458CE02C4B939400B7107E /* PBXTargetDependency */ = {
			isa = PBXTargetDependency;
			target = 61458CCE2C4B939300B7107E /* recordActivityExtension */;
			targetProxy = 61458CDF2C4B939400B7107E /* PBXContainerItemProxy */;
		};
		619799F528C34A2600169FB6 /* PBXTargetDependency */ = {
			isa = PBXTargetDependency;
			target = 619799E128C34A2500169FB6 /* VoiLog */;
			targetProxy = 619799F428C34A2600169FB6 /* PBXContainerItemProxy */;
		};
		619799FF28C34A2600169FB6 /* PBXTargetDependency */ = {
			isa = PBXTargetDependency;
			target = 619799E128C34A2500169FB6 /* VoiLog */;
			targetProxy = 619799FE28C34A2600169FB6 /* PBXContainerItemProxy */;
		};
/* End PBXTargetDependency section */

/* Begin XCBuildConfiguration section */
		61458CE32C4B939400B7107E /* Debug */ = {
			isa = XCBuildConfiguration;
			buildSettings = {
				ASSETCATALOG_COMPILER_GENERATE_SWIFT_ASSET_SYMBOL_EXTENSIONS = YES;
				ASSETCATALOG_COMPILER_GLOBAL_ACCENT_COLOR_NAME = AccentColor;
				ASSETCATALOG_COMPILER_WIDGET_BACKGROUND_COLOR_NAME = WidgetBackground;
				CODE_SIGN_IDENTITY = "Apple Development";
				CODE_SIGN_STYLE = Automatic;
				CURRENT_PROJECT_VERSION = 1;
				DEVELOPMENT_TEAM = 4YZQY4C47E;
				ENABLE_USER_SCRIPT_SANDBOXING = YES;
				GCC_C_LANGUAGE_STANDARD = gnu17;
				GENERATE_INFOPLIST_FILE = YES;
				INFOPLIST_FILE = recordActivity/Info.plist;
				INFOPLIST_KEY_CFBundleDisplayName = recordActivity;
				INFOPLIST_KEY_NSHumanReadableCopyright = "";
				IPHONEOS_DEPLOYMENT_TARGET = 17.0;
				LD_RUNPATH_SEARCH_PATHS = (
					"$(inherited)",
					"@executable_path/Frameworks",
					"@executable_path/../../Frameworks",
				);
				LOCALIZATION_PREFERS_STRING_CATALOGS = YES;
				MARKETING_VERSION = 1.3.1;
				PRODUCT_BUNDLE_IDENTIFIER = com.entaku.VoiLogDevelop.recordActivity;
				PRODUCT_NAME = "$(TARGET_NAME)";
				SDKROOT = iphoneos;
				SKIP_INSTALL = YES;
				SWIFT_ACTIVE_COMPILATION_CONDITIONS = "DEBUG $(inherited)";
				SWIFT_EMIT_LOC_STRINGS = YES;
				SWIFT_VERSION = 5.0;
				TARGETED_DEVICE_FAMILY = "1,2";
			};
			name = Debug;
		};
		61458CE42C4B939400B7107E /* Release */ = {
			isa = XCBuildConfiguration;
			buildSettings = {
				ASSETCATALOG_COMPILER_GENERATE_SWIFT_ASSET_SYMBOL_EXTENSIONS = YES;
				ASSETCATALOG_COMPILER_GLOBAL_ACCENT_COLOR_NAME = AccentColor;
				ASSETCATALOG_COMPILER_WIDGET_BACKGROUND_COLOR_NAME = WidgetBackground;
				CODE_SIGN_IDENTITY = "Apple Development";
				CODE_SIGN_STYLE = Automatic;
				CURRENT_PROJECT_VERSION = 1;
				DEVELOPMENT_TEAM = 4YZQY4C47E;
				ENABLE_USER_SCRIPT_SANDBOXING = YES;
				GCC_C_LANGUAGE_STANDARD = gnu17;
				GENERATE_INFOPLIST_FILE = YES;
				INFOPLIST_FILE = recordActivity/Info.plist;
				INFOPLIST_KEY_CFBundleDisplayName = recordActivity;
				INFOPLIST_KEY_NSHumanReadableCopyright = "";
				IPHONEOS_DEPLOYMENT_TARGET = 17.0;
				LD_RUNPATH_SEARCH_PATHS = (
					"$(inherited)",
					"@executable_path/Frameworks",
					"@executable_path/../../Frameworks",
				);
				LOCALIZATION_PREFERS_STRING_CATALOGS = YES;
				MARKETING_VERSION = 1.3.1;
				PRODUCT_BUNDLE_IDENTIFIER = com.entaku.VoiLog.recordActivity;
				PRODUCT_NAME = "$(TARGET_NAME)";
				SDKROOT = iphoneos;
				SKIP_INSTALL = YES;
				SWIFT_EMIT_LOC_STRINGS = YES;
				SWIFT_VERSION = 5.0;
				TARGETED_DEVICE_FAMILY = "1,2";
				VALIDATE_PRODUCT = YES;
			};
			name = Release;
		};
		61979A0528C34A2600169FB6 /* Debug */ = {
			isa = XCBuildConfiguration;
			baseConfigurationReferenceAnchor = 616190052DF3FC3B00801BB0 /* VoiLog */;
			baseConfigurationReferenceRelativePath = Prod.xcconfig;
			buildSettings = {
				ALWAYS_SEARCH_USER_PATHS = NO;
				CLANG_ANALYZER_LOCALIZABILITY_NONLOCALIZED = YES;
				CLANG_ANALYZER_NONNULL = YES;
				CLANG_ANALYZER_NUMBER_OBJECT_CONVERSION = YES_AGGRESSIVE;
				CLANG_CXX_LANGUAGE_STANDARD = "gnu++20";
				CLANG_ENABLE_MODULES = YES;
				CLANG_ENABLE_OBJC_ARC = YES;
				CLANG_ENABLE_OBJC_WEAK = YES;
				CLANG_WARN_BLOCK_CAPTURE_AUTORELEASING = YES;
				CLANG_WARN_BOOL_CONVERSION = YES;
				CLANG_WARN_COMMA = YES;
				CLANG_WARN_CONSTANT_CONVERSION = YES;
				CLANG_WARN_DEPRECATED_OBJC_IMPLEMENTATIONS = YES;
				CLANG_WARN_DIRECT_OBJC_ISA_USAGE = YES_ERROR;
				CLANG_WARN_DOCUMENTATION_COMMENTS = YES;
				CLANG_WARN_EMPTY_BODY = YES;
				CLANG_WARN_ENUM_CONVERSION = YES;
				CLANG_WARN_INFINITE_RECURSION = YES;
				CLANG_WARN_INT_CONVERSION = YES;
				CLANG_WARN_NON_LITERAL_NULL_CONVERSION = YES;
				CLANG_WARN_OBJC_IMPLICIT_RETAIN_SELF = YES;
				CLANG_WARN_OBJC_LITERAL_CONVERSION = YES;
				CLANG_WARN_OBJC_ROOT_CLASS = YES_ERROR;
				CLANG_WARN_QUOTED_INCLUDE_IN_FRAMEWORK_HEADER = YES;
				CLANG_WARN_RANGE_LOOP_ANALYSIS = YES;
				CLANG_WARN_STRICT_PROTOTYPES = YES;
				CLANG_WARN_SUSPICIOUS_MOVE = YES;
				CLANG_WARN_UNGUARDED_AVAILABILITY = YES_AGGRESSIVE;
				CLANG_WARN_UNREACHABLE_CODE = YES;
				CLANG_WARN__DUPLICATE_METHOD_MATCH = YES;
				COPY_PHASE_STRIP = NO;
				DEAD_CODE_STRIPPING = YES;
				DEBUG_INFORMATION_FORMAT = dwarf;
				ENABLE_STRICT_OBJC_MSGSEND = YES;
				ENABLE_TESTABILITY = YES;
				GCC_C_LANGUAGE_STANDARD = gnu11;
				GCC_DYNAMIC_NO_PIC = NO;
				GCC_NO_COMMON_BLOCKS = YES;
				GCC_OPTIMIZATION_LEVEL = 0;
				GCC_PREPROCESSOR_DEFINITIONS = (
					"DEBUG=1",
					"$(inherited)",
				);
				GCC_WARN_64_TO_32_BIT_CONVERSION = YES;
				GCC_WARN_ABOUT_RETURN_TYPE = YES_ERROR;
				GCC_WARN_UNDECLARED_SELECTOR = YES;
				GCC_WARN_UNINITIALIZED_AUTOS = YES_AGGRESSIVE;
				GCC_WARN_UNUSED_FUNCTION = YES;
				GCC_WARN_UNUSED_VARIABLE = YES;
				MTL_ENABLE_DEBUG_INFO = INCLUDE_SOURCE;
				MTL_FAST_MATH = YES;
				ONLY_ACTIVE_ARCH = YES;
				SWIFT_ACTIVE_COMPILATION_CONDITIONS = DEBUG;
				SWIFT_OPTIMIZATION_LEVEL = "-Onone";
			};
			name = Debug;
		};
		61979A0628C34A2600169FB6 /* Release */ = {
			isa = XCBuildConfiguration;
			baseConfigurationReferenceAnchor = 616190052DF3FC3B00801BB0 /* VoiLog */;
			baseConfigurationReferenceRelativePath = Prod.xcconfig;
			buildSettings = {
				ALWAYS_SEARCH_USER_PATHS = NO;
				CLANG_ANALYZER_LOCALIZABILITY_NONLOCALIZED = YES;
				CLANG_ANALYZER_NONNULL = YES;
				CLANG_ANALYZER_NUMBER_OBJECT_CONVERSION = YES_AGGRESSIVE;
				CLANG_CXX_LANGUAGE_STANDARD = "gnu++20";
				CLANG_ENABLE_MODULES = YES;
				CLANG_ENABLE_OBJC_ARC = YES;
				CLANG_ENABLE_OBJC_WEAK = YES;
				CLANG_WARN_BLOCK_CAPTURE_AUTORELEASING = YES;
				CLANG_WARN_BOOL_CONVERSION = YES;
				CLANG_WARN_COMMA = YES;
				CLANG_WARN_CONSTANT_CONVERSION = YES;
				CLANG_WARN_DEPRECATED_OBJC_IMPLEMENTATIONS = YES;
				CLANG_WARN_DIRECT_OBJC_ISA_USAGE = YES_ERROR;
				CLANG_WARN_DOCUMENTATION_COMMENTS = YES;
				CLANG_WARN_EMPTY_BODY = YES;
				CLANG_WARN_ENUM_CONVERSION = YES;
				CLANG_WARN_INFINITE_RECURSION = YES;
				CLANG_WARN_INT_CONVERSION = YES;
				CLANG_WARN_NON_LITERAL_NULL_CONVERSION = YES;
				CLANG_WARN_OBJC_IMPLICIT_RETAIN_SELF = YES;
				CLANG_WARN_OBJC_LITERAL_CONVERSION = YES;
				CLANG_WARN_OBJC_ROOT_CLASS = YES_ERROR;
				CLANG_WARN_QUOTED_INCLUDE_IN_FRAMEWORK_HEADER = YES;
				CLANG_WARN_RANGE_LOOP_ANALYSIS = YES;
				CLANG_WARN_STRICT_PROTOTYPES = YES;
				CLANG_WARN_SUSPICIOUS_MOVE = YES;
				CLANG_WARN_UNGUARDED_AVAILABILITY = YES_AGGRESSIVE;
				CLANG_WARN_UNREACHABLE_CODE = YES;
				CLANG_WARN__DUPLICATE_METHOD_MATCH = YES;
				COPY_PHASE_STRIP = NO;
				DEAD_CODE_STRIPPING = YES;
				DEBUG_INFORMATION_FORMAT = "dwarf-with-dsym";
				ENABLE_NS_ASSERTIONS = NO;
				ENABLE_STRICT_OBJC_MSGSEND = YES;
				GCC_C_LANGUAGE_STANDARD = gnu11;
				GCC_NO_COMMON_BLOCKS = YES;
				GCC_WARN_64_TO_32_BIT_CONVERSION = YES;
				GCC_WARN_ABOUT_RETURN_TYPE = YES_ERROR;
				GCC_WARN_UNDECLARED_SELECTOR = YES;
				GCC_WARN_UNINITIALIZED_AUTOS = YES_AGGRESSIVE;
				GCC_WARN_UNUSED_FUNCTION = YES;
				GCC_WARN_UNUSED_VARIABLE = YES;
				MTL_ENABLE_DEBUG_INFO = NO;
				MTL_FAST_MATH = YES;
				SWIFT_COMPILATION_MODE = wholemodule;
				SWIFT_OPTIMIZATION_LEVEL = "-O";
			};
			name = Release;
		};
		61979A0828C34A2600169FB6 /* Debug */ = {
			isa = XCBuildConfiguration;
			baseConfigurationReferenceAnchor = 616190052DF3FC3B00801BB0 /* VoiLog */;
			baseConfigurationReferenceRelativePath = Prod.xcconfig;
			buildSettings = {
				ASSETCATALOG_COMPILER_APPICON_NAME = AppIcon;
				ASSETCATALOG_COMPILER_GLOBAL_ACCENT_COLOR_NAME = AccentColor;
				CODE_SIGN_ENTITLEMENTS = VoiLog/VoiceMemo.entitlements;
				CODE_SIGN_IDENTITY = "Apple Development";
				CODE_SIGN_STYLE = Automatic;
				CURRENT_PROJECT_VERSION = 1;
				DEAD_CODE_STRIPPING = YES;
				DEBUG_INFORMATION_FORMAT = "dwarf-with-dsym";
				DEVELOPMENT_ASSET_PATHS = "\"VoiLog/Preview Content\"";
				DEVELOPMENT_TEAM = 4YZQY4C47E;
				ENABLE_HARDENED_RUNTIME = YES;
				ENABLE_PREVIEWS = YES;
				GENERATE_INFOPLIST_FILE = YES;
				INFOPLIST_FILE = VoiLog/Info.plist;
				INFOPLIST_KEY_LSApplicationCategoryType = "public.app-category.business";
				INFOPLIST_KEY_NSMicrophoneUsageDescription = "あなたの声を音声にして記録します";
				INFOPLIST_KEY_NSPhotoLibraryUsageDescription = "アルバムの写真から振り返ります";
				INFOPLIST_KEY_NSSpeechRecognitionUsageDescription = "あなたの言葉を文字にして記録します。";
				INFOPLIST_KEY_NSSupportsLiveActivities = YES;
				INFOPLIST_KEY_NSUserTrackingUsageDescription = "広告を適切に表示するために利用します。アプリを無料で運営するためのものです。ご協力お願いします。";
				"INFOPLIST_KEY_UIApplicationSceneManifest_Generation[sdk=iphoneos*]" = YES;
				"INFOPLIST_KEY_UIApplicationSceneManifest_Generation[sdk=iphonesimulator*]" = YES;
				"INFOPLIST_KEY_UIApplicationSupportsIndirectInputEvents[sdk=iphoneos*]" = YES;
				"INFOPLIST_KEY_UIApplicationSupportsIndirectInputEvents[sdk=iphonesimulator*]" = YES;
				"INFOPLIST_KEY_UILaunchScreen_Generation[sdk=iphoneos*]" = YES;
				"INFOPLIST_KEY_UILaunchScreen_Generation[sdk=iphonesimulator*]" = YES;
				"INFOPLIST_KEY_UIStatusBarStyle[sdk=iphoneos*]" = UIStatusBarStyleDefault;
				"INFOPLIST_KEY_UIStatusBarStyle[sdk=iphonesimulator*]" = UIStatusBarStyleDefault;
				INFOPLIST_KEY_UISupportedInterfaceOrientations_iPad = "UIInterfaceOrientationPortrait UIInterfaceOrientationPortraitUpsideDown UIInterfaceOrientationLandscapeLeft UIInterfaceOrientationLandscapeRight";
				INFOPLIST_KEY_UISupportedInterfaceOrientations_iPhone = "UIInterfaceOrientationPortrait UIInterfaceOrientationLandscapeLeft UIInterfaceOrientationLandscapeRight";
				IPHONEOS_DEPLOYMENT_TARGET = 16.4;
				LD_RUNPATH_SEARCH_PATHS = "@executable_path/Frameworks";
				"LD_RUNPATH_SEARCH_PATHS[sdk=macosx*]" = "@executable_path/../Frameworks";
				MACOSX_DEPLOYMENT_TARGET = 12.5;
				MARKETING_VERSION = 1.3.1;
				OTHER_LDFLAGS = "-ObjC";
				PRODUCT_BUNDLE_IDENTIFIER = com.entaku.VoiLogDevelop;
				PRODUCT_NAME = "$(TARGET_NAME)";
				PROVISIONING_PROFILE_SPECIFIER = "";
				SDKROOT = auto;
				SUPPORTED_PLATFORMS = "iphoneos iphonesimulator";
				SUPPORTS_MACCATALYST = NO;
				SUPPORTS_MAC_DESIGNED_FOR_IPHONE_IPAD = NO;
				SWIFT_EMIT_LOC_STRINGS = YES;
				SWIFT_VERSION = 5.0;
				TARGETED_DEVICE_FAMILY = 1;
			};
			name = Debug;
		};
		61979A0928C34A2600169FB6 /* Release */ = {
			isa = XCBuildConfiguration;
			baseConfigurationReferenceAnchor = 616190052DF3FC3B00801BB0 /* VoiLog */;
			baseConfigurationReferenceRelativePath = Prod.xcconfig;
			buildSettings = {
				ASSETCATALOG_COMPILER_APPICON_NAME = AppIcon;
				ASSETCATALOG_COMPILER_GLOBAL_ACCENT_COLOR_NAME = AccentColor;
				CODE_SIGN_ENTITLEMENTS = VoiLog/VoiLogRelease.entitlements;
				CODE_SIGN_IDENTITY = "Apple Development";
				CODE_SIGN_STYLE = Automatic;
				CURRENT_PROJECT_VERSION = 1;
				DEAD_CODE_STRIPPING = YES;
				DEVELOPMENT_ASSET_PATHS = "\"VoiLog/Preview Content\"";
				DEVELOPMENT_TEAM = 4YZQY4C47E;
				ENABLE_HARDENED_RUNTIME = YES;
				ENABLE_PREVIEWS = YES;
				GENERATE_INFOPLIST_FILE = YES;
				INFOPLIST_FILE = VoiLog/Info.plist;
				INFOPLIST_KEY_LSApplicationCategoryType = "public.app-category.business";
				INFOPLIST_KEY_NSMicrophoneUsageDescription = "あなたの声を音声にして記録します";
				INFOPLIST_KEY_NSPhotoLibraryUsageDescription = "アルバムの写真から振り返ります";
				INFOPLIST_KEY_NSSpeechRecognitionUsageDescription = "あなたの言葉を文字にして記録します。";
				INFOPLIST_KEY_NSSupportsLiveActivities = YES;
				INFOPLIST_KEY_NSUserTrackingUsageDescription = "広告を適切に表示するために利用します。アプリを無料で運営するためのものです。ご協力お願いします。";
				"INFOPLIST_KEY_UIApplicationSceneManifest_Generation[sdk=iphoneos*]" = YES;
				"INFOPLIST_KEY_UIApplicationSceneManifest_Generation[sdk=iphonesimulator*]" = YES;
				"INFOPLIST_KEY_UIApplicationSupportsIndirectInputEvents[sdk=iphoneos*]" = YES;
				"INFOPLIST_KEY_UIApplicationSupportsIndirectInputEvents[sdk=iphonesimulator*]" = YES;
				"INFOPLIST_KEY_UILaunchScreen_Generation[sdk=iphoneos*]" = YES;
				"INFOPLIST_KEY_UILaunchScreen_Generation[sdk=iphonesimulator*]" = YES;
				"INFOPLIST_KEY_UIStatusBarStyle[sdk=iphoneos*]" = UIStatusBarStyleDefault;
				"INFOPLIST_KEY_UIStatusBarStyle[sdk=iphonesimulator*]" = UIStatusBarStyleDefault;
				INFOPLIST_KEY_UISupportedInterfaceOrientations_iPad = "UIInterfaceOrientationPortrait UIInterfaceOrientationPortraitUpsideDown UIInterfaceOrientationLandscapeLeft UIInterfaceOrientationLandscapeRight";
				INFOPLIST_KEY_UISupportedInterfaceOrientations_iPhone = "UIInterfaceOrientationPortrait UIInterfaceOrientationLandscapeLeft UIInterfaceOrientationLandscapeRight";
				IPHONEOS_DEPLOYMENT_TARGET = 16.4;
				LD_RUNPATH_SEARCH_PATHS = "@executable_path/Frameworks";
				"LD_RUNPATH_SEARCH_PATHS[sdk=macosx*]" = "@executable_path/../Frameworks";
				MACOSX_DEPLOYMENT_TARGET = 12.5;
				MARKETING_VERSION = 1.3.1;
				OTHER_LDFLAGS = "-ObjC";
				PRODUCT_BUNDLE_IDENTIFIER = com.entaku.VoiLog;
				PRODUCT_NAME = "$(TARGET_NAME)";
				PROVISIONING_PROFILE_SPECIFIER = "";
				SDKROOT = auto;
				SUPPORTED_PLATFORMS = "iphoneos iphonesimulator";
				SUPPORTS_MACCATALYST = NO;
				SUPPORTS_MAC_DESIGNED_FOR_IPHONE_IPAD = NO;
				SWIFT_EMIT_LOC_STRINGS = YES;
				SWIFT_VERSION = 5.0;
				TARGETED_DEVICE_FAMILY = 1;
			};
			name = Release;
		};
		61979A0B28C34A2600169FB6 /* Debug */ = {
			isa = XCBuildConfiguration;
			buildSettings = {
				BUNDLE_LOADER = "$(TEST_HOST)";
				CODE_SIGN_STYLE = Automatic;
				CURRENT_PROJECT_VERSION = 1;
				DEAD_CODE_STRIPPING = YES;
				DEVELOPMENT_TEAM = 4YZQY4C47E;
				GENERATE_INFOPLIST_FILE = YES;
				IPHONEOS_DEPLOYMENT_TARGET = 17.0;
				MACOSX_DEPLOYMENT_TARGET = 12.5;
				MARKETING_VERSION = 1.3.1;
				PRODUCT_BUNDLE_IDENTIFIER = com.entaku.VoiceMemoTests;
				PRODUCT_NAME = "$(TARGET_NAME)";
				SDKROOT = auto;
				SUPPORTED_PLATFORMS = "iphoneos iphonesimulator macosx";
				SWIFT_EMIT_LOC_STRINGS = NO;
				SWIFT_VERSION = 5.0;
				TARGETED_DEVICE_FAMILY = "1,2";
				TEST_HOST = "$(BUILT_PRODUCTS_DIR)/VoiLog.app/$(BUNDLE_EXECUTABLE_FOLDER_PATH)/VoiLog";
			};
			name = Debug;
		};
		61979A0C28C34A2600169FB6 /* Release */ = {
			isa = XCBuildConfiguration;
			buildSettings = {
				BUNDLE_LOADER = "$(TEST_HOST)";
				CODE_SIGN_STYLE = Automatic;
				CURRENT_PROJECT_VERSION = 1;
				DEAD_CODE_STRIPPING = YES;
				DEVELOPMENT_TEAM = 4YZQY4C47E;
				GENERATE_INFOPLIST_FILE = YES;
				IPHONEOS_DEPLOYMENT_TARGET = 17.0;
				MACOSX_DEPLOYMENT_TARGET = 12.5;
				MARKETING_VERSION = 1.3.1;
				PRODUCT_BUNDLE_IDENTIFIER = com.entaku.VoiceMemoTests;
				PRODUCT_NAME = "$(TARGET_NAME)";
				SDKROOT = auto;
				SUPPORTED_PLATFORMS = "iphoneos iphonesimulator macosx";
				SWIFT_EMIT_LOC_STRINGS = NO;
				SWIFT_VERSION = 5.0;
				TARGETED_DEVICE_FAMILY = "1,2";
				TEST_HOST = "$(BUILT_PRODUCTS_DIR)/VoiLog.app/$(BUNDLE_EXECUTABLE_FOLDER_PATH)/VoiLog";
			};
			name = Release;
		};
		61979A0E28C34A2600169FB6 /* Debug */ = {
			isa = XCBuildConfiguration;
			buildSettings = {
				CODE_SIGN_STYLE = Automatic;
				CURRENT_PROJECT_VERSION = 1;
				DEAD_CODE_STRIPPING = YES;
				DEVELOPMENT_TEAM = 4YZQY4C47E;
				GENERATE_INFOPLIST_FILE = YES;
				IPHONEOS_DEPLOYMENT_TARGET = 16.0;
				MACOSX_DEPLOYMENT_TARGET = 12.5;
				MARKETING_VERSION = 1.3.1;
				PRODUCT_BUNDLE_IDENTIFIER = com.entaku.VoiceMemoUITests;
				PRODUCT_NAME = "$(TARGET_NAME)";
				SDKROOT = auto;
				SUPPORTED_PLATFORMS = "iphoneos iphonesimulator macosx";
				SWIFT_EMIT_LOC_STRINGS = NO;
				SWIFT_VERSION = 5.0;
				TARGETED_DEVICE_FAMILY = "1,2";
				TEST_TARGET_NAME = VoiceMemo;
			};
			name = Debug;
		};
		61979A0F28C34A2600169FB6 /* Release */ = {
			isa = XCBuildConfiguration;
			buildSettings = {
				CODE_SIGN_STYLE = Automatic;
				CURRENT_PROJECT_VERSION = 1;
				DEAD_CODE_STRIPPING = YES;
				DEVELOPMENT_TEAM = 4YZQY4C47E;
				GENERATE_INFOPLIST_FILE = YES;
				IPHONEOS_DEPLOYMENT_TARGET = 16.0;
				MACOSX_DEPLOYMENT_TARGET = 12.5;
				MARKETING_VERSION = 1.3.1;
				PRODUCT_BUNDLE_IDENTIFIER = com.entaku.VoiceMemoUITests;
				PRODUCT_NAME = "$(TARGET_NAME)";
				SDKROOT = auto;
				SUPPORTED_PLATFORMS = "iphoneos iphonesimulator macosx";
				SWIFT_EMIT_LOC_STRINGS = NO;
				SWIFT_VERSION = 5.0;
				TARGETED_DEVICE_FAMILY = "1,2";
				TEST_TARGET_NAME = VoiceMemo;
			};
			name = Release;
		};
/* End XCBuildConfiguration section */

/* Begin XCConfigurationList section */
		61458CE52C4B939400B7107E /* Build configuration list for PBXNativeTarget "recordActivityExtension" */ = {
			isa = XCConfigurationList;
			buildConfigurations = (
				61458CE32C4B939400B7107E /* Debug */,
				61458CE42C4B939400B7107E /* Release */,
			);
			defaultConfigurationIsVisible = 0;
			defaultConfigurationName = Release;
		};
		619799DD28C34A2500169FB6 /* Build configuration list for PBXProject "VoiLog" */ = {
			isa = XCConfigurationList;
			buildConfigurations = (
				61979A0528C34A2600169FB6 /* Debug */,
				61979A0628C34A2600169FB6 /* Release */,
			);
			defaultConfigurationIsVisible = 0;
			defaultConfigurationName = Release;
		};
		61979A0728C34A2600169FB6 /* Build configuration list for PBXNativeTarget "VoiLog" */ = {
			isa = XCConfigurationList;
			buildConfigurations = (
				61979A0828C34A2600169FB6 /* Debug */,
				61979A0928C34A2600169FB6 /* Release */,
			);
			defaultConfigurationIsVisible = 0;
			defaultConfigurationName = Release;
		};
		61979A0A28C34A2600169FB6 /* Build configuration list for PBXNativeTarget "VoiLogTests" */ = {
			isa = XCConfigurationList;
			buildConfigurations = (
				61979A0B28C34A2600169FB6 /* Debug */,
				61979A0C28C34A2600169FB6 /* Release */,
			);
			defaultConfigurationIsVisible = 0;
			defaultConfigurationName = Release;
		};
		61979A0D28C34A2600169FB6 /* Build configuration list for PBXNativeTarget "VoiLogUITests" */ = {
			isa = XCConfigurationList;
			buildConfigurations = (
				61979A0E28C34A2600169FB6 /* Debug */,
				61979A0F28C34A2600169FB6 /* Release */,
			);
			defaultConfigurationIsVisible = 0;
			defaultConfigurationName = Release;
		};
/* End XCConfigurationList section */

/* Begin XCRemoteSwiftPackageReference section */
		6194408628F308C400BF337E /* XCRemoteSwiftPackageReference "firebase-ios-sdk" */ = {
			isa = XCRemoteSwiftPackageReference;
			repositoryURL = "https://github.com/firebase/firebase-ios-sdk";
			requirement = {
				kind = upToNextMajorVersion;
				minimumVersion = 10.28.0;
			};
		};
		61979A1228C34F5C00169FB6 /* XCRemoteSwiftPackageReference "swift-composable-architecture" */ = {
			isa = XCRemoteSwiftPackageReference;
			repositoryURL = "https://github.com/pointfreeco/swift-composable-architecture.git";
			requirement = {
				kind = upToNextMinorVersion;
				minimumVersion = 1.19.0;
			};
		};
		61A285C92A3608BB00BD7CB5 /* XCRemoteSwiftPackageReference "rollbar-apple" */ = {
			isa = XCRemoteSwiftPackageReference;
			repositoryURL = "https://github.com/rollbar/rollbar-apple";
			requirement = {
				kind = upToNextMajorVersion;
				minimumVersion = 3.3.2;
			};
		};
		61A8818B2A30015500A4189C /* XCRemoteSwiftPackageReference "swift-package-manager-google-mobile-ads" */ = {
			isa = XCRemoteSwiftPackageReference;
			repositoryURL = "https://github.com/googleads/swift-package-manager-google-mobile-ads.git";
			requirement = {
				kind = upToNextMajorVersion;
				minimumVersion = 11.0.0;
			};
		};
		61A91BBC2BC245660033532A /* XCRemoteSwiftPackageReference "purchases-ios" */ = {
			isa = XCRemoteSwiftPackageReference;
			repositoryURL = "https://github.com/RevenueCat/purchases-ios.git";
			requirement = {
				kind = upToNextMajorVersion;
				minimumVersion = 5.0.0;
			};
		};
/* End XCRemoteSwiftPackageReference section */

/* Begin XCSwiftPackageProductDependency section */
		6194408728F308C400BF337E /* FirebaseAnalytics */ = {
			isa = XCSwiftPackageProductDependency;
			package = 6194408628F308C400BF337E /* XCRemoteSwiftPackageReference "firebase-ios-sdk" */;
			productName = FirebaseAnalytics;
		};
		6194408928F308C400BF337E /* FirebaseAnalyticsSwift */ = {
			isa = XCSwiftPackageProductDependency;
			package = 6194408628F308C400BF337E /* XCRemoteSwiftPackageReference "firebase-ios-sdk" */;
			productName = FirebaseAnalyticsSwift;
		};
		6194408B28F308C400BF337E /* FirebaseCrashlytics */ = {
			isa = XCSwiftPackageProductDependency;
			package = 6194408628F308C400BF337E /* XCRemoteSwiftPackageReference "firebase-ios-sdk" */;
			productName = FirebaseCrashlytics;
		};
		61979A1328C34F5C00169FB6 /* ComposableArchitecture */ = {
			isa = XCSwiftPackageProductDependency;
			package = 61979A1228C34F5C00169FB6 /* XCRemoteSwiftPackageReference "swift-composable-architecture" */;
			productName = ComposableArchitecture;
		};
		61A285CA2A3608BB00BD7CB5 /* RollbarNotifier */ = {
			isa = XCSwiftPackageProductDependency;
			package = 61A285C92A3608BB00BD7CB5 /* XCRemoteSwiftPackageReference "rollbar-apple" */;
			productName = RollbarNotifier;
		};
		61A8818C2A30015500A4189C /* GoogleMobileAds */ = {
			isa = XCSwiftPackageProductDependency;
			package = 61A8818B2A30015500A4189C /* XCRemoteSwiftPackageReference "swift-package-manager-google-mobile-ads" */;
			productName = GoogleMobileAds;
		};
		61A91BBD2BC245660033532A /* RevenueCat */ = {
			isa = XCSwiftPackageProductDependency;
			package = 61A91BBC2BC245660033532A /* XCRemoteSwiftPackageReference "purchases-ios" */;
			productName = RevenueCat;
		};
		61A91BBF2BC245660033532A /* RevenueCatUI */ = {
			isa = XCSwiftPackageProductDependency;
			package = 61A91BBC2BC245660033532A /* XCRemoteSwiftPackageReference "purchases-ios" */;
			productName = RevenueCatUI;
		};
/* End XCSwiftPackageProductDependency section */
	};
	rootObject = 619799DA28C34A2500169FB6 /* Project object */;
}
